
Microsoft Visual Studio Solution File, Format Version 12.00
# Visual Studio Version 17
VisualStudioVersion = 17.0.31903.59
MinimumVisualStudioVersion = 10.0.40219.1
Project("{2150E333-8FDC-42A3-9474-1A3956D46DE8}") = "src", "src", "{827E0CD3-B72D-47B6-A68D-7590B98EB39B}"
EndProject
Project("{2150E333-8FDC-42A3-9474-1A3956D46DE8}") = "BuildingBlocks", "BuildingBlocks", "{90298CBA-BD6F-3A0A-69D5-97CAD7B05E7E}"
EndProject
Project("{FAE04EC0-301F-11D3-BF4B-00C04F79EFBC}") = "EnterpriseAiPlatform.Application.Abstractions", "src\BuildingBlocks\EnterpriseAiPlatform.Application.Abstractions\EnterpriseAiPlatform.Application.Abstractions.csproj", "{76905408-49C6-445D-ACF1-AF454DF247AB}"
EndProject
Project("{FAE04EC0-301F-11D3-BF4B-00C04F79EFBC}") = "EnterpriseAiPlatform.Contracts", "src\BuildingBlocks\EnterpriseAiPlatform.Contracts\EnterpriseAiPlatform.Contracts.csproj", "{1ABEEFEA-8222-4057-9439-CDCFA101AC8E}"
EndProject
Project("{FAE04EC0-301F-11D3-BF4B-00C04F79EFBC}") = "EnterpriseAiPlatform.Infrastructure.Abstractions", "src\BuildingBlocks\EnterpriseAiPlatform.Infrastructure.Abstractions\EnterpriseAiPlatform.Infrastructure.Abstractions.csproj", "{DEE06506-39F1-4D07-AF16-DE241CCEB13A}"
EndProject
Project("{FAE04EC0-301F-11D3-BF4B-00C04F79EFBC}") = "EnterpriseAiPlatform.ServiceDefaults", "src\BuildingBlocks\EnterpriseAiPlatform.ServiceDefaults\EnterpriseAiPlatform.ServiceDefaults.csproj", "{8EED2080-28B9-4807-B529-0F7F0010C5C9}"
EndProject
Project("{FAE04EC0-301F-11D3-BF4B-00C04F79EFBC}") = "EnterpriseAiPlatform.SharedKernel", "src\BuildingBlocks\EnterpriseAiPlatform.SharedKernel\EnterpriseAiPlatform.SharedKernel.csproj", "{4BD6B804-10DA-4A61-AB40-DDEE679FBB82}"
EndProject
Project("{2150E333-8FDC-42A3-9474-1A3956D46DE8}") = "Gateways", "Gateways", "{CBE535C5-B51A-60E9-4D99-AC1BFAA908A1}"
EndProject
Project("{FAE04EC0-301F-11D3-BF4B-00C04F79EFBC}") = "EnterpriseAiPlatform.AiGateway.Api", "src\Gateways\EnterpriseAiPlatform.AiGateway.Api\EnterpriseAiPlatform.AiGateway.Api.csproj", "{6C3CD3AC-4857-4919-99C2-71BB8010154D}"
EndProject
Project("{FAE04EC0-301F-11D3-BF4B-00C04F79EFBC}") = "EnterpriseAiPlatform.AiGateway.Application", "src\Gateways\EnterpriseAiPlatform.AiGateway.Application\EnterpriseAiPlatform.AiGateway.Application.csproj", "{A4B269F0-D9D3-4881-B3B7-A964F4F16CC0}"
EndProject
Project("{FAE04EC0-301F-11D3-BF4B-00C04F79EFBC}") = "EnterpriseAiPlatform.AiGateway.Contracts", "src\Gateways\EnterpriseAiPlatform.AiGateway.Contracts\EnterpriseAiPlatform.AiGateway.Contracts.csproj", "{9ED325B9-E8A9-4FB4-BDB8-3DED458D8C47}"
EndProject
Project("{FAE04EC0-301F-11D3-BF4B-00C04F79EFBC}") = "EnterpriseAiPlatform.AiGateway.Infrastructure", "src\Gateways\EnterpriseAiPlatform.AiGateway.Infrastructure\EnterpriseAiPlatform.AiGateway.Infrastructure.csproj", "{CC71D8F0-3707-45B4-B0DD-8EB09C9F47AE}"
EndProject
Project("{2150E333-8FDC-42A3-9474-1A3956D46DE8}") = "Services", "Services", "{984BB9B3-3FA3-BE33-9484-CAC21695A33C}"
EndProject
Project("{2150E333-8FDC-42A3-9474-1A3956D46DE8}") = "Audit", "Audit", "{92F42DAB-CD95-DEFE-A96E-37B7027D6435}"
EndProject
Project("{FAE04EC0-301F-11D3-BF4B-00C04F79EFBC}") = "EnterpriseAiPlatform.Audit.Api", "src\Services\Audit\EnterpriseAiPlatform.Audit.Api\EnterpriseAiPlatform.Audit.Api.csproj", "{6BF25A84-1718-44A3-8B5C-830317BDA56C}"
EndProject
Project("{FAE04EC0-301F-11D3-BF4B-00C04F79EFBC}") = "EnterpriseAiPlatform.Audit.Application", "src\Services\Audit\EnterpriseAiPlatform.Audit.Application\EnterpriseAiPlatform.Audit.Application.csproj", "{899E58A8-93B0-4C99-A56B-238E40AF1A27}"
EndProject
Project("{FAE04EC0-301F-11D3-BF4B-00C04F79EFBC}") = "EnterpriseAiPlatform.Audit.Contracts", "src\Services\Audit\EnterpriseAiPlatform.Audit.Contracts\EnterpriseAiPlatform.Audit.Contracts.csproj", "{2EB0D340-EFD0-41EB-887F-2B18E57E157A}"
EndProject
Project("{FAE04EC0-301F-11D3-BF4B-00C04F79EFBC}") = "EnterpriseAiPlatform.Audit.Domain", "src\Services\Audit\EnterpriseAiPlatform.Audit.Domain\EnterpriseAiPlatform.Audit.Domain.csproj", "{A6A1231C-B49B-4A5C-B66E-7915C4EA0046}"
EndProject
Project("{FAE04EC0-301F-11D3-BF4B-00C04F79EFBC}") = "EnterpriseAiPlatform.Audit.Infrastructure", "src\Services\Audit\EnterpriseAiPlatform.Audit.Infrastructure\EnterpriseAiPlatform.Audit.Infrastructure.csproj", "{B239FF69-E745-4B0E-AC19-4D2301FAEE39}"
EndProject
Project("{2150E333-8FDC-42A3-9474-1A3956D46DE8}") = "Identity", "Identity", "{1BFC9479-12BF-35C3-06B8-42D89D95092B}"
EndProject
Project("{FAE04EC0-301F-11D3-BF4B-00C04F79EFBC}") = "EnterpriseAiPlatform.Identity.Api", "src\Services\Identity\EnterpriseAiPlatform.Identity.Api\EnterpriseAiPlatform.Identity.Api.csproj", "{A5CD17CD-AC91-4BB5-82DD-8C8849BA44C7}"
EndProject
Project("{FAE04EC0-301F-11D3-BF4B-00C04F79EFBC}") = "EnterpriseAiPlatform.Identity.Application", "src\Services\Identity\EnterpriseAiPlatform.Identity.Application\EnterpriseAiPlatform.Identity.Application.csproj", "{00D9F208-CCED-47D6-B1F4-032079C06FAB}"
EndProject
Project("{FAE04EC0-301F-11D3-BF4B-00C04F79EFBC}") = "EnterpriseAiPlatform.Identity.Contracts", "src\Services\Identity\EnterpriseAiPlatform.Identity.Contracts\EnterpriseAiPlatform.Identity.Contracts.csproj", "{D56DEE09-FEE3-4A27-AC8C-A7C793B31DDB}"
EndProject
Project("{FAE04EC0-301F-11D3-BF4B-00C04F79EFBC}") = "EnterpriseAiPlatform.Identity.Domain", "src\Services\Identity\EnterpriseAiPlatform.Identity.Domain\EnterpriseAiPlatform.Identity.Domain.csproj", "{BE5C5280-EF63-4E87-99F0-35D400A0D100}"
EndProject
Project("{FAE04EC0-301F-11D3-BF4B-00C04F79EFBC}") = "EnterpriseAiPlatform.Identity.Infrastructure", "src\Services\Identity\EnterpriseAiPlatform.Identity.Infrastructure\EnterpriseAiPlatform.Identity.Infrastructure.csproj", "{B6E90F43-97DB-4321-8058-5E2B9AF73D9A}"
EndProject
Project("{2150E333-8FDC-42A3-9474-1A3956D46DE8}") = "Metering", "Metering", "{04D20396-BA56-A5D3-B9B9-050F3E6718AC}"
EndProject
Project("{FAE04EC0-301F-11D3-BF4B-00C04F79EFBC}") = "EnterpriseAiPlatform.Metering.Api", "src\Services\Metering\EnterpriseAiPlatform.Metering.Api\EnterpriseAiPlatform.Metering.Api.csproj", "{3909C8A6-5082-4CA4-A2FD-E29256A04BEA}"
EndProject
Project("{FAE04EC0-301F-11D3-BF4B-00C04F79EFBC}") = "EnterpriseAiPlatform.Metering.Application", "src\Services\Metering\EnterpriseAiPlatform.Metering.Application\EnterpriseAiPlatform.Metering.Application.csproj", "{39069278-F735-47C8-B562-378C0C196866}"
EndProject
Project("{FAE04EC0-301F-11D3-BF4B-00C04F79EFBC}") = "EnterpriseAiPlatform.Metering.Contracts", "src\Services\Metering\EnterpriseAiPlatform.Metering.Contracts\EnterpriseAiPlatform.Metering.Contracts.csproj", "{6545A85B-FDCC-4551-A472-8F013A8D4E20}"
EndProject
Project("{FAE04EC0-301F-11D3-BF4B-00C04F79EFBC}") = "EnterpriseAiPlatform.Metering.Domain", "src\Services\Metering\EnterpriseAiPlatform.Metering.Domain\EnterpriseAiPlatform.Metering.Domain.csproj", "{F23E1500-67B4-41C5-98C7-A12D34EB833A}"
EndProject
Project("{FAE04EC0-301F-11D3-BF4B-00C04F79EFBC}") = "EnterpriseAiPlatform.Metering.Infrastructure", "src\Services\Metering\EnterpriseAiPlatform.Metering.Infrastructure\EnterpriseAiPlatform.Metering.Infrastructure.csproj", "{A365DF58-B074-4E1F-B7F4-FB8F2F986C2F}"
EndProject
Project("{2150E333-8FDC-42A3-9474-1A3956D46DE8}") = "ModelRegistry", "ModelRegistry", "{AACA49E2-FCE7-9F61-EFF9-93289E322912}"
EndProject
Project("{FAE04EC0-301F-11D3-BF4B-00C04F79EFBC}") = "EnterpriseAiPlatform.ModelRegistry.Api", "src\Services\ModelRegistry\EnterpriseAiPlatform.ModelRegistry.Api\EnterpriseAiPlatform.ModelRegistry.Api.csproj", "{AA6106C6-2280-4276-AB22-A853470016AD}"
EndProject
Project("{FAE04EC0-301F-11D3-BF4B-00C04F79EFBC}") = "EnterpriseAiPlatform.ModelRegistry.Application", "src\Services\ModelRegistry\EnterpriseAiPlatform.ModelRegistry.Application\EnterpriseAiPlatform.ModelRegistry.Application.csproj", "{34773FE1-3E27-43A9-B15F-9A754C9F8052}"
EndProject
Project("{FAE04EC0-301F-11D3-BF4B-00C04F79EFBC}") = "EnterpriseAiPlatform.ModelRegistry.Contracts", "src\Services\ModelRegistry\EnterpriseAiPlatform.ModelRegistry.Contracts\EnterpriseAiPlatform.ModelRegistry.Contracts.csproj", "{ECA52B23-2F2F-43A2-B29D-A75A984FFB79}"
EndProject
Project("{FAE04EC0-301F-11D3-BF4B-00C04F79EFBC}") = "EnterpriseAiPlatform.ModelRegistry.Domain", "src\Services\ModelRegistry\EnterpriseAiPlatform.ModelRegistry.Domain\EnterpriseAiPlatform.ModelRegistry.Domain.csproj", "{D49220DD-8432-4D66-83E7-E28F15AAA8B9}"
EndProject
Project("{FAE04EC0-301F-11D3-BF4B-00C04F79EFBC}") = "EnterpriseAiPlatform.ModelRegistry.Infrastructure", "src\Services\ModelRegistry\EnterpriseAiPlatform.ModelRegistry.Infrastructure\EnterpriseAiPlatform.ModelRegistry.Infrastructure.csproj", "{B5AAA3E4-8003-42D6-BE9F-43E76B0B1C45}"
EndProject
Project("{2150E333-8FDC-42A3-9474-1A3956D46DE8}") = "Observability", "Observability", "{2530FD51-6382-94F5-3ADC-B32B5AC4F9A9}"
EndProject
Project("{FAE04EC0-301F-11D3-BF4B-00C04F79EFBC}") = "EnterpriseAiPlatform.Observability.Api", "src\Services\Observability\EnterpriseAiPlatform.Observability.Api\EnterpriseAiPlatform.Observability.Api.csproj", "{54748647-673C-487F-B1BE-33309F7AAD7E}"
EndProject
Project("{FAE04EC0-301F-11D3-BF4B-00C04F79EFBC}") = "EnterpriseAiPlatform.Observability.Application", "src\Services\Observability\EnterpriseAiPlatform.Observability.Application\EnterpriseAiPlatform.Observability.Application.csproj", "{74CD35ED-3100-4B88-8B0C-6E4115ACE721}"
EndProject
Project("{FAE04EC0-301F-11D3-BF4B-00C04F79EFBC}") = "EnterpriseAiPlatform.Observability.Contracts", "src\Services\Observability\EnterpriseAiPlatform.Observability.Contracts\EnterpriseAiPlatform.Observability.Contracts.csproj", "{A78F526E-65AE-415A-BCB9-07048DFA2544}"
EndProject
Project("{FAE04EC0-301F-11D3-BF4B-00C04F79EFBC}") = "EnterpriseAiPlatform.Observability.Domain", "src\Services\Observability\EnterpriseAiPlatform.Observability.Domain\EnterpriseAiPlatform.Observability.Domain.csproj", "{50BB13FF-14DC-4399-B7AC-D874FB96EDF7}"
EndProject
Project("{FAE04EC0-301F-11D3-BF4B-00C04F79EFBC}") = "EnterpriseAiPlatform.Observability.Infrastructure", "src\Services\Observability\EnterpriseAiPlatform.Observability.Infrastructure\EnterpriseAiPlatform.Observability.Infrastructure.csproj", "{2604AA80-ED06-41EA-AF28-C83C959D3534}"
EndProject
Project("{2150E333-8FDC-42A3-9474-1A3956D46DE8}") = "Policy", "Policy", "{E98D1D99-4D9E-87BB-9D13-9A50D8AFD426}"
EndProject
Project("{FAE04EC0-301F-11D3-BF4B-00C04F79EFBC}") = "EnterpriseAiPlatform.Policy.Api", "src\Services\Policy\EnterpriseAiPlatform.Policy.Api\EnterpriseAiPlatform.Policy.Api.csproj", "{D570B418-2526-4942-A41C-6AE0E01B0533}"
EndProject
Project("{FAE04EC0-301F-11D3-BF4B-00C04F79EFBC}") = "EnterpriseAiPlatform.Policy.Application", "src\Services\Policy\EnterpriseAiPlatform.Policy.Application\EnterpriseAiPlatform.Policy.Application.csproj", "{32250E85-40B6-4A4D-8B9B-6F1EF4D31921}"
EndProject
Project("{FAE04EC0-301F-11D3-BF4B-00C04F79EFBC}") = "EnterpriseAiPlatform.Policy.Contracts", "src\Services\Policy\EnterpriseAiPlatform.Policy.Contracts\EnterpriseAiPlatform.Policy.Contracts.csproj", "{44B41BEB-3621-4143-AD6F-5C0959E2B441}"
EndProject
Project("{FAE04EC0-301F-11D3-BF4B-00C04F79EFBC}") = "EnterpriseAiPlatform.Policy.Domain", "src\Services\Policy\EnterpriseAiPlatform.Policy.Domain\EnterpriseAiPlatform.Policy.Domain.csproj", "{3A0B35E2-541B-4D14-8C0C-0F1888D76DDD}"
EndProject
Project("{FAE04EC0-301F-11D3-BF4B-00C04F79EFBC}") = "EnterpriseAiPlatform.Policy.Infrastructure", "src\Services\Policy\EnterpriseAiPlatform.Policy.Infrastructure\EnterpriseAiPlatform.Policy.Infrastructure.csproj", "{B6923E94-F66B-4BEE-9D0B-20B97CEEF0EA}"
EndProject
Project("{2150E333-8FDC-42A3-9474-1A3956D46DE8}") = "PortalBff", "PortalBff", "{BE78567C-F69F-A61A-584A-C68A8939DB03}"
EndProject
Project("{FAE04EC0-301F-11D3-BF4B-00C04F79EFBC}") = "EnterpriseAiPlatform.PortalBff.Api", "src\Services\PortalBff\EnterpriseAiPlatform.PortalBff.Api\EnterpriseAiPlatform.PortalBff.Api.csproj", "{7C1A8BE1-6DAB-49B9-9178-CCC51BC11FF3}"
EndProject
Project("{2150E333-8FDC-42A3-9474-1A3956D46DE8}") = "ProviderAdapters", "ProviderAdapters", "{C9FD5208-5E9E-17DF-C715-6111312CE496}"
EndProject
Project("{FAE04EC0-301F-11D3-BF4B-00C04F79EFBC}") = "EnterpriseAiPlatform.ProviderAdapters.Application", "src\Services\ProviderAdapters\EnterpriseAiPlatform.ProviderAdapters.Application\EnterpriseAiPlatform.ProviderAdapters.Application.csproj", "{28E1495A-0816-4F1F-BF7D-B89E3FB71154}"
EndProject
Project("{FAE04EC0-301F-11D3-BF4B-00C04F79EFBC}") = "EnterpriseAiPlatform.ProviderAdapters.Contracts", "src\Services\ProviderAdapters\EnterpriseAiPlatform.ProviderAdapters.Contracts\EnterpriseAiPlatform.ProviderAdapters.Contracts.csproj", "{686C679D-2A29-46BF-84A1-92EC6C3255F7}"
EndProject
Project("{FAE04EC0-301F-11D3-BF4B-00C04F79EFBC}") = "EnterpriseAiPlatform.ProviderAdapters.Domain", "src\Services\ProviderAdapters\EnterpriseAiPlatform.ProviderAdapters.Domain\EnterpriseAiPlatform.ProviderAdapters.Domain.csproj", "{4C498318-731D-43C8-A846-AB816D06A832}"
EndProject
Project("{FAE04EC0-301F-11D3-BF4B-00C04F79EFBC}") = "EnterpriseAiPlatform.ProviderAdapters.Host", "src\Services\ProviderAdapters\EnterpriseAiPlatform.ProviderAdapters.Host\EnterpriseAiPlatform.ProviderAdapters.Host.csproj", "{F45205E8-7376-426A-AA1B-15FEC69BC5B4}"
EndProject
Project("{FAE04EC0-301F-11D3-BF4B-00C04F79EFBC}") = "EnterpriseAiPlatform.ProviderAdapters.Infrastructure", "src\Services\ProviderAdapters\EnterpriseAiPlatform.ProviderAdapters.Infrastructure\EnterpriseAiPlatform.ProviderAdapters.Infrastructure.csproj", "{E3145A2D-7791-498A-B94E-79FC2E24649D}"
EndProject
Project("{2150E333-8FDC-42A3-9474-1A3956D46DE8}") = "Routing", "Routing", "{B892984D-15E1-68E9-7464-B9843CC98189}"
EndProject
Project("{FAE04EC0-301F-11D3-BF4B-00C04F79EFBC}") = "EnterpriseAiPlatform.Routing.Api", "src\Services\Routing\EnterpriseAiPlatform.Routing.Api\EnterpriseAiPlatform.Routing.Api.csproj", "{13E80374-B978-4BC2-B4C1-D63ED6D687D9}"
EndProject
Project("{FAE04EC0-301F-11D3-BF4B-00C04F79EFBC}") = "EnterpriseAiPlatform.Routing.Application", "src\Services\Routing\EnterpriseAiPlatform.Routing.Application\EnterpriseAiPlatform.Routing.Application.csproj", "{74A25491-F61D-4F4C-8D02-2F3295DD4230}"
EndProject
Project("{FAE04EC0-301F-11D3-BF4B-00C04F79EFBC}") = "EnterpriseAiPlatform.Routing.Contracts", "src\Services\Routing\EnterpriseAiPlatform.Routing.Contracts\EnterpriseAiPlatform.Routing.Contracts.csproj", "{9921A4CD-1797-4447-AECE-1E0302956212}"
EndProject
Project("{FAE04EC0-301F-11D3-BF4B-00C04F79EFBC}") = "EnterpriseAiPlatform.Routing.Domain", "src\Services\Routing\EnterpriseAiPlatform.Routing.Domain\EnterpriseAiPlatform.Routing.Domain.csproj", "{C09C4022-8332-4507-BFF9-0173755FF0D3}"
EndProject
Project("{FAE04EC0-301F-11D3-BF4B-00C04F79EFBC}") = "EnterpriseAiPlatform.Routing.Infrastructure", "src\Services\Routing\EnterpriseAiPlatform.Routing.Infrastructure\EnterpriseAiPlatform.Routing.Infrastructure.csproj", "{A0A33B54-1C50-4170-9839-677B3B38934E}"
EndProject
Project("{2150E333-8FDC-42A3-9474-1A3956D46DE8}") = "WorkerServices", "WorkerServices", "{7B5E1210-C17A-C5C3-A3B6-115FD6E974F4}"
EndProject
Project("{FAE04EC0-301F-11D3-BF4B-00C04F79EFBC}") = "EnterpriseAiPlatform.BackgroundWorkers.Application", "src\WorkerServices\EnterpriseAiPlatform.BackgroundWorkers.Application\EnterpriseAiPlatform.BackgroundWorkers.Application.csproj", "{E8573101-3271-4276-9596-57A85073B45C}"
EndProject
Project("{FAE04EC0-301F-11D3-BF4B-00C04F79EFBC}") = "EnterpriseAiPlatform.BackgroundWorkers.Contracts", "src\WorkerServices\EnterpriseAiPlatform.BackgroundWorkers.Contracts\EnterpriseAiPlatform.BackgroundWorkers.Contracts.csproj", "{B4834CAD-36C3-417B-A364-13FE447618F2}"
EndProject
Project("{FAE04EC0-301F-11D3-BF4B-00C04F79EFBC}") = "EnterpriseAiPlatform.BackgroundWorkers.Host", "src\WorkerServices\EnterpriseAiPlatform.BackgroundWorkers.Host\EnterpriseAiPlatform.BackgroundWorkers.Host.csproj", "{F8CB65A0-44F3-44D7-8FBD-BF0025804111}"
EndProject
Project("{FAE04EC0-301F-11D3-BF4B-00C04F79EFBC}") = "EnterpriseAiPlatform.BackgroundWorkers.Infrastructure", "src\WorkerServices\EnterpriseAiPlatform.BackgroundWorkers.Infrastructure\EnterpriseAiPlatform.BackgroundWorkers.Infrastructure.csproj", "{4E90C4CC-1F27-4337-B4B4-FB299B8155B6}"
EndProject
Project("{2150E333-8FDC-42A3-9474-1A3956D46DE8}") = "tests", "tests", "{0AB3BF05-4346-4AA6-1389-037BE0695223}"
EndProject
Project("{FAE04EC0-301F-11D3-BF4B-00C04F79EFBC}") = "EnterpriseAiPlatform.Architecture.Tests", "tests\EnterpriseAiPlatform.Architecture.Tests\EnterpriseAiPlatform.Architecture.Tests.csproj", "{9E3B1F0E-B9E3-414C-A8D9-759483A25A21}"
EndProject
Project("{FAE04EC0-301F-11D3-BF4B-00C04F79EFBC}") = "EnterpriseAiPlatform.SharedKernel.UnitTests", "tests\EnterpriseAiPlatform.SharedKernel.UnitTests\EnterpriseAiPlatform.SharedKernel.UnitTests.csproj", "{A885DFBC-7AE6-4F50-926D-A94BE4520B9E}"
EndProject
Project("{FAE04EC0-301F-11D3-BF4B-00C04F79EFBC}") = "EnterpriseAiPlatform.Identity.UnitTests", "tests\EnterpriseAiPlatform.Identity.UnitTests\EnterpriseAiPlatform.Identity.UnitTests.csproj", "{156B1BED-C5AB-4D63-8BB6-AC24EBC88E5A}"
EndProject
Global
	GlobalSection(SolutionConfigurationPlatforms) = preSolution
		Debug|Any CPU = Debug|Any CPU
		Debug|x64 = Debug|x64
		Debug|x86 = Debug|x86
		Release|Any CPU = Release|Any CPU
		Release|x64 = Release|x64
		Release|x86 = Release|x86
	EndGlobalSection
	GlobalSection(ProjectConfigurationPlatforms) = postSolution
		{76905408-49C6-445D-ACF1-AF454DF247AB}.Debug|Any CPU.ActiveCfg = Debug|Any CPU
		{76905408-49C6-445D-ACF1-AF454DF247AB}.Debug|Any CPU.Build.0 = Debug|Any CPU
		{76905408-49C6-445D-ACF1-AF454DF247AB}.Debug|x64.ActiveCfg = Debug|Any CPU
		{76905408-49C6-445D-ACF1-AF454DF247AB}.Debug|x64.Build.0 = Debug|Any CPU
		{76905408-49C6-445D-ACF1-AF454DF247AB}.Debug|x86.ActiveCfg = Debug|Any CPU
		{76905408-49C6-445D-ACF1-AF454DF247AB}.Debug|x86.Build.0 = Debug|Any CPU
		{76905408-49C6-445D-ACF1-AF454DF247AB}.Release|Any CPU.ActiveCfg = Release|Any CPU
		{76905408-49C6-445D-ACF1-AF454DF247AB}.Release|Any CPU.Build.0 = Release|Any CPU
		{76905408-49C6-445D-ACF1-AF454DF247AB}.Release|x64.ActiveCfg = Release|Any CPU
		{76905408-49C6-445D-ACF1-AF454DF247AB}.Release|x64.Build.0 = Release|Any CPU
		{76905408-49C6-445D-ACF1-AF454DF247AB}.Release|x86.ActiveCfg = Release|Any CPU
		{76905408-49C6-445D-ACF1-AF454DF247AB}.Release|x86.Build.0 = Release|Any CPU
		{1ABEEFEA-8222-4057-9439-CDCFA101AC8E}.Debug|Any CPU.ActiveCfg = Debug|Any CPU
		{1ABEEFEA-8222-4057-9439-CDCFA101AC8E}.Debug|Any CPU.Build.0 = Debug|Any CPU
		{1ABEEFEA-8222-4057-9439-CDCFA101AC8E}.Debug|x64.ActiveCfg = Debug|Any CPU
		{1ABEEFEA-8222-4057-9439-CDCFA101AC8E}.Debug|x64.Build.0 = Debug|Any CPU
		{1ABEEFEA-8222-4057-9439-CDCFA101AC8E}.Debug|x86.ActiveCfg = Debug|Any CPU
		{1ABEEFEA-8222-4057-9439-CDCFA101AC8E}.Debug|x86.Build.0 = Debug|Any CPU
		{1ABEEFEA-8222-4057-9439-CDCFA101AC8E}.Release|Any CPU.ActiveCfg = Release|Any CPU
		{1ABEEFEA-8222-4057-9439-CDCFA101AC8E}.Release|Any CPU.Build.0 = Release|Any CPU
		{1ABEEFEA-8222-4057-9439-CDCFA101AC8E}.Release|x64.ActiveCfg = Release|Any CPU
		{1ABEEFEA-8222-4057-9439-CDCFA101AC8E}.Release|x64.Build.0 = Release|Any CPU
		{1ABEEFEA-8222-4057-9439-CDCFA101AC8E}.Release|x86.ActiveCfg = Release|Any CPU
		{1ABEEFEA-8222-4057-9439-CDCFA101AC8E}.Release|x86.Build.0 = Release|Any CPU
		{DEE06506-39F1-4D07-AF16-DE241CCEB13A}.Debug|Any CPU.ActiveCfg = Debug|Any CPU
		{DEE06506-39F1-4D07-AF16-DE241CCEB13A}.Debug|Any CPU.Build.0 = Debug|Any CPU
		{DEE06506-39F1-4D07-AF16-DE241CCEB13A}.Debug|x64.ActiveCfg = Debug|Any CPU
		{DEE06506-39F1-4D07-AF16-DE241CCEB13A}.Debug|x64.Build.0 = Debug|Any CPU
		{DEE06506-39F1-4D07-AF16-DE241CCEB13A}.Debug|x86.ActiveCfg = Debug|Any CPU
		{DEE06506-39F1-4D07-AF16-DE241CCEB13A}.Debug|x86.Build.0 = Debug|Any CPU
		{DEE06506-39F1-4D07-AF16-DE241CCEB13A}.Release|Any CPU.ActiveCfg = Release|Any CPU
		{DEE06506-39F1-4D07-AF16-DE241CCEB13A}.Release|Any CPU.Build.0 = Release|Any CPU
		{DEE06506-39F1-4D07-AF16-DE241CCEB13A}.Release|x64.ActiveCfg = Release|Any CPU
		{DEE06506-39F1-4D07-AF16-DE241CCEB13A}.Release|x64.Build.0 = Release|Any CPU
		{DEE06506-39F1-4D07-AF16-DE241CCEB13A}.Release|x86.ActiveCfg = Release|Any CPU
		{DEE06506-39F1-4D07-AF16-DE241CCEB13A}.Release|x86.Build.0 = Release|Any CPU
		{8EED2080-28B9-4807-B529-0F7F0010C5C9}.Debug|Any CPU.ActiveCfg = Debug|Any CPU
		{8EED2080-28B9-4807-B529-0F7F0010C5C9}.Debug|Any CPU.Build.0 = Debug|Any CPU
		{8EED2080-28B9-4807-B529-0F7F0010C5C9}.Debug|x64.ActiveCfg = Debug|Any CPU
		{8EED2080-28B9-4807-B529-0F7F0010C5C9}.Debug|x64.Build.0 = Debug|Any CPU
		{8EED2080-28B9-4807-B529-0F7F0010C5C9}.Debug|x86.ActiveCfg = Debug|Any CPU
		{8EED2080-28B9-4807-B529-0F7F0010C5C9}.Debug|x86.Build.0 = Debug|Any CPU
		{8EED2080-28B9-4807-B529-0F7F0010C5C9}.Release|Any CPU.ActiveCfg = Release|Any CPU
		{8EED2080-28B9-4807-B529-0F7F0010C5C9}.Release|Any CPU.Build.0 = Release|Any CPU
		{8EED2080-28B9-4807-B529-0F7F0010C5C9}.Release|x64.ActiveCfg = Release|Any CPU
		{8EED2080-28B9-4807-B529-0F7F0010C5C9}.Release|x64.Build.0 = Release|Any CPU
		{8EED2080-28B9-4807-B529-0F7F0010C5C9}.Release|x86.ActiveCfg = Release|Any CPU
		{8EED2080-28B9-4807-B529-0F7F0010C5C9}.Release|x86.Build.0 = Release|Any CPU
		{4BD6B804-10DA-4A61-AB40-DDEE679FBB82}.Debug|Any CPU.ActiveCfg = Debug|Any CPU
		{4BD6B804-10DA-4A61-AB40-DDEE679FBB82}.Debug|Any CPU.Build.0 = Debug|Any CPU
		{4BD6B804-10DA-4A61-AB40-DDEE679FBB82}.Debug|x64.ActiveCfg = Debug|Any CPU
		{4BD6B804-10DA-4A61-AB40-DDEE679FBB82}.Debug|x64.Build.0 = Debug|Any CPU
		{4BD6B804-10DA-4A61-AB40-DDEE679FBB82}.Debug|x86.ActiveCfg = Debug|Any CPU
		{4BD6B804-10DA-4A61-AB40-DDEE679FBB82}.Debug|x86.Build.0 = Debug|Any CPU
		{4BD6B804-10DA-4A61-AB40-DDEE679FBB82}.Release|Any CPU.ActiveCfg = Release|Any CPU
		{4BD6B804-10DA-4A61-AB40-DDEE679FBB82}.Release|Any CPU.Build.0 = Release|Any CPU
		{4BD6B804-10DA-4A61-AB40-DDEE679FBB82}.Release|x64.ActiveCfg = Release|Any CPU
		{4BD6B804-10DA-4A61-AB40-DDEE679FBB82}.Release|x64.Build.0 = Release|Any CPU
		{4BD6B804-10DA-4A61-AB40-DDEE679FBB82}.Release|x86.ActiveCfg = Release|Any CPU
		{4BD6B804-10DA-4A61-AB40-DDEE679FBB82}.Release|x86.Build.0 = Release|Any CPU
		{6C3CD3AC-4857-4919-99C2-71BB8010154D}.Debug|Any CPU.ActiveCfg = Debug|Any CPU
		{6C3CD3AC-4857-4919-99C2-71BB8010154D}.Debug|Any CPU.Build.0 = Debug|Any CPU
		{6C3CD3AC-4857-4919-99C2-71BB8010154D}.Debug|x64.ActiveCfg = Debug|Any CPU
		{6C3CD3AC-4857-4919-99C2-71BB8010154D}.Debug|x64.Build.0 = Debug|Any CPU
		{6C3CD3AC-4857-4919-99C2-71BB8010154D}.Debug|x86.ActiveCfg = Debug|Any CPU
		{6C3CD3AC-4857-4919-99C2-71BB8010154D}.Debug|x86.Build.0 = Debug|Any CPU
		{6C3CD3AC-4857-4919-99C2-71BB8010154D}.Release|Any CPU.ActiveCfg = Release|Any CPU
		{6C3CD3AC-4857-4919-99C2-71BB8010154D}.Release|Any CPU.Build.0 = Release|Any CPU
		{6C3CD3AC-4857-4919-99C2-71BB8010154D}.Release|x64.ActiveCfg = Release|Any CPU
		{6C3CD3AC-4857-4919-99C2-71BB8010154D}.Release|x64.Build.0 = Release|Any CPU
		{6C3CD3AC-4857-4919-99C2-71BB8010154D}.Release|x86.ActiveCfg = Release|Any CPU
		{6C3CD3AC-4857-4919-99C2-71BB8010154D}.Release|x86.Build.0 = Release|Any CPU
		{A4B269F0-D9D3-4881-B3B7-A964F4F16CC0}.Debug|Any CPU.ActiveCfg = Debug|Any CPU
		{A4B269F0-D9D3-4881-B3B7-A964F4F16CC0}.Debug|Any CPU.Build.0 = Debug|Any CPU
		{A4B269F0-D9D3-4881-B3B7-A964F4F16CC0}.Debug|x64.ActiveCfg = Debug|Any CPU
		{A4B269F0-D9D3-4881-B3B7-A964F4F16CC0}.Debug|x64.Build.0 = Debug|Any CPU
		{A4B269F0-D9D3-4881-B3B7-A964F4F16CC0}.Debug|x86.ActiveCfg = Debug|Any CPU
		{A4B269F0-D9D3-4881-B3B7-A964F4F16CC0}.Debug|x86.Build.0 = Debug|Any CPU
		{A4B269F0-D9D3-4881-B3B7-A964F4F16CC0}.Release|Any CPU.ActiveCfg = Release|Any CPU
		{A4B269F0-D9D3-4881-B3B7-A964F4F16CC0}.Release|Any CPU.Build.0 = Release|Any CPU
		{A4B269F0-D9D3-4881-B3B7-A964F4F16CC0}.Release|x64.ActiveCfg = Release|Any CPU
		{A4B269F0-D9D3-4881-B3B7-A964F4F16CC0}.Release|x64.Build.0 = Release|Any CPU
		{A4B269F0-D9D3-4881-B3B7-A964F4F16CC0}.Release|x86.ActiveCfg = Release|Any CPU
		{A4B269F0-D9D3-4881-B3B7-A964F4F16CC0}.Release|x86.Build.0 = Release|Any CPU
		{9ED325B9-E8A9-4FB4-BDB8-3DED458D8C47}.Debug|Any CPU.ActiveCfg = Debug|Any CPU
		{9ED325B9-E8A9-4FB4-BDB8-3DED458D8C47}.Debug|Any CPU.Build.0 = Debug|Any CPU
		{9ED325B9-E8A9-4FB4-BDB8-3DED458D8C47}.Debug|x64.ActiveCfg = Debug|Any CPU
		{9ED325B9-E8A9-4FB4-BDB8-3DED458D8C47}.Debug|x64.Build.0 = Debug|Any CPU
		{9ED325B9-E8A9-4FB4-BDB8-3DED458D8C47}.Debug|x86.ActiveCfg = Debug|Any CPU
		{9ED325B9-E8A9-4FB4-BDB8-3DED458D8C47}.Debug|x86.Build.0 = Debug|Any CPU
		{9ED325B9-E8A9-4FB4-BDB8-3DED458D8C47}.Release|Any CPU.ActiveCfg = Release|Any CPU
		{9ED325B9-E8A9-4FB4-BDB8-3DED458D8C47}.Release|Any CPU.Build.0 = Release|Any CPU
		{9ED325B9-E8A9-4FB4-BDB8-3DED458D8C47}.Release|x64.ActiveCfg = Release|Any CPU
		{9ED325B9-E8A9-4FB4-BDB8-3DED458D8C47}.Release|x64.Build.0 = Release|Any CPU
		{9ED325B9-E8A9-4FB4-BDB8-3DED458D8C47}.Release|x86.ActiveCfg = Release|Any CPU
		{9ED325B9-E8A9-4FB4-BDB8-3DED458D8C47}.Release|x86.Build.0 = Release|Any CPU
		{CC71D8F0-3707-45B4-B0DD-8EB09C9F47AE}.Debug|Any CPU.ActiveCfg = Debug|Any CPU
		{CC71D8F0-3707-45B4-B0DD-8EB09C9F47AE}.Debug|Any CPU.Build.0 = Debug|Any CPU
		{CC71D8F0-3707-45B4-B0DD-8EB09C9F47AE}.Debug|x64.ActiveCfg = Debug|Any CPU
		{CC71D8F0-3707-45B4-B0DD-8EB09C9F47AE}.Debug|x64.Build.0 = Debug|Any CPU
		{CC71D8F0-3707-45B4-B0DD-8EB09C9F47AE}.Debug|x86.ActiveCfg = Debug|Any CPU
		{CC71D8F0-3707-45B4-B0DD-8EB09C9F47AE}.Debug|x86.Build.0 = Debug|Any CPU
		{CC71D8F0-3707-45B4-B0DD-8EB09C9F47AE}.Release|Any CPU.ActiveCfg = Release|Any CPU
		{CC71D8F0-3707-45B4-B0DD-8EB09C9F47AE}.Release|Any CPU.Build.0 = Release|Any CPU
		{CC71D8F0-3707-45B4-B0DD-8EB09C9F47AE}.Release|x64.ActiveCfg = Release|Any CPU
		{CC71D8F0-3707-45B4-B0DD-8EB09C9F47AE}.Release|x64.Build.0 = Release|Any CPU
		{CC71D8F0-3707-45B4-B0DD-8EB09C9F47AE}.Release|x86.ActiveCfg = Release|Any CPU
		{CC71D8F0-3707-45B4-B0DD-8EB09C9F47AE}.Release|x86.Build.0 = Release|Any CPU
		{6BF25A84-1718-44A3-8B5C-830317BDA56C}.Debug|Any CPU.ActiveCfg = Debug|Any CPU
		{6BF25A84-1718-44A3-8B5C-830317BDA56C}.Debug|Any CPU.Build.0 = Debug|Any CPU
		{6BF25A84-1718-44A3-8B5C-830317BDA56C}.Debug|x64.ActiveCfg = Debug|Any CPU
		{6BF25A84-1718-44A3-8B5C-830317BDA56C}.Debug|x64.Build.0 = Debug|Any CPU
		{6BF25A84-1718-44A3-8B5C-830317BDA56C}.Debug|x86.ActiveCfg = Debug|Any CPU
		{6BF25A84-1718-44A3-8B5C-830317BDA56C}.Debug|x86.Build.0 = Debug|Any CPU
		{6BF25A84-1718-44A3-8B5C-830317BDA56C}.Release|Any CPU.ActiveCfg = Release|Any CPU
		{6BF25A84-1718-44A3-8B5C-830317BDA56C}.Release|Any CPU.Build.0 = Release|Any CPU
		{6BF25A84-1718-44A3-8B5C-830317BDA56C}.Release|x64.ActiveCfg = Release|Any CPU
		{6BF25A84-1718-44A3-8B5C-830317BDA56C}.Release|x64.Build.0 = Release|Any CPU
		{6BF25A84-1718-44A3-8B5C-830317BDA56C}.Release|x86.ActiveCfg = Release|Any CPU
		{6BF25A84-1718-44A3-8B5C-830317BDA56C}.Release|x86.Build.0 = Release|Any CPU
		{899E58A8-93B0-4C99-A56B-238E40AF1A27}.Debug|Any CPU.ActiveCfg = Debug|Any CPU
		{899E58A8-93B0-4C99-A56B-238E40AF1A27}.Debug|Any CPU.Build.0 = Debug|Any CPU
		{899E58A8-93B0-4C99-A56B-238E40AF1A27}.Debug|x64.ActiveCfg = Debug|Any CPU
		{899E58A8-93B0-4C99-A56B-238E40AF1A27}.Debug|x64.Build.0 = Debug|Any CPU
		{899E58A8-93B0-4C99-A56B-238E40AF1A27}.Debug|x86.ActiveCfg = Debug|Any CPU
		{899E58A8-93B0-4C99-A56B-238E40AF1A27}.Debug|x86.Build.0 = Debug|Any CPU
		{899E58A8-93B0-4C99-A56B-238E40AF1A27}.Release|Any CPU.ActiveCfg = Release|Any CPU
		{899E58A8-93B0-4C99-A56B-238E40AF1A27}.Release|Any CPU.Build.0 = Release|Any CPU
		{899E58A8-93B0-4C99-A56B-238E40AF1A27}.Release|x64.ActiveCfg = Release|Any CPU
		{899E58A8-93B0-4C99-A56B-238E40AF1A27}.Release|x64.Build.0 = Release|Any CPU
		{899E58A8-93B0-4C99-A56B-238E40AF1A27}.Release|x86.ActiveCfg = Release|Any CPU
		{899E58A8-93B0-4C99-A56B-238E40AF1A27}.Release|x86.Build.0 = Release|Any CPU
		{2EB0D340-EFD0-41EB-887F-2B18E57E157A}.Debug|Any CPU.ActiveCfg = Debug|Any CPU
		{2EB0D340-EFD0-41EB-887F-2B18E57E157A}.Debug|Any CPU.Build.0 = Debug|Any CPU
		{2EB0D340-EFD0-41EB-887F-2B18E57E157A}.Debug|x64.ActiveCfg = Debug|Any CPU
		{2EB0D340-EFD0-41EB-887F-2B18E57E157A}.Debug|x64.Build.0 = Debug|Any CPU
		{2EB0D340-EFD0-41EB-887F-2B18E57E157A}.Debug|x86.ActiveCfg = Debug|Any CPU
		{2EB0D340-EFD0-41EB-887F-2B18E57E157A}.Debug|x86.Build.0 = Debug|Any CPU
		{2EB0D340-EFD0-41EB-887F-2B18E57E157A}.Release|Any CPU.ActiveCfg = Release|Any CPU
		{2EB0D340-EFD0-41EB-887F-2B18E57E157A}.Release|Any CPU.Build.0 = Release|Any CPU
		{2EB0D340-EFD0-41EB-887F-2B18E57E157A}.Release|x64.ActiveCfg = Release|Any CPU
		{2EB0D340-EFD0-41EB-887F-2B18E57E157A}.Release|x64.Build.0 = Release|Any CPU
		{2EB0D340-EFD0-41EB-887F-2B18E57E157A}.Release|x86.ActiveCfg = Release|Any CPU
		{2EB0D340-EFD0-41EB-887F-2B18E57E157A}.Release|x86.Build.0 = Release|Any CPU
		{A6A1231C-B49B-4A5C-B66E-7915C4EA0046}.Debug|Any CPU.ActiveCfg = Debug|Any CPU
		{A6A1231C-B49B-4A5C-B66E-7915C4EA0046}.Debug|Any CPU.Build.0 = Debug|Any CPU
		{A6A1231C-B49B-4A5C-B66E-7915C4EA0046}.Debug|x64.ActiveCfg = Debug|Any CPU
		{A6A1231C-B49B-4A5C-B66E-7915C4EA0046}.Debug|x64.Build.0 = Debug|Any CPU
		{A6A1231C-B49B-4A5C-B66E-7915C4EA0046}.Debug|x86.ActiveCfg = Debug|Any CPU
		{A6A1231C-B49B-4A5C-B66E-7915C4EA0046}.Debug|x86.Build.0 = Debug|Any CPU
		{A6A1231C-B49B-4A5C-B66E-7915C4EA0046}.Release|Any CPU.ActiveCfg = Release|Any CPU
		{A6A1231C-B49B-4A5C-B66E-7915C4EA0046}.Release|Any CPU.Build.0 = Release|Any CPU
		{A6A1231C-B49B-4A5C-B66E-7915C4EA0046}.Release|x64.ActiveCfg = Release|Any CPU
		{A6A1231C-B49B-4A5C-B66E-7915C4EA0046}.Release|x64.Build.0 = Release|Any CPU
		{A6A1231C-B49B-4A5C-B66E-7915C4EA0046}.Release|x86.ActiveCfg = Release|Any CPU
		{A6A1231C-B49B-4A5C-B66E-7915C4EA0046}.Release|x86.Build.0 = Release|Any CPU
		{B239FF69-E745-4B0E-AC19-4D2301FAEE39}.Debug|Any CPU.ActiveCfg = Debug|Any CPU
		{B239FF69-E745-4B0E-AC19-4D2301FAEE39}.Debug|Any CPU.Build.0 = Debug|Any CPU
		{B239FF69-E745-4B0E-AC19-4D2301FAEE39}.Debug|x64.ActiveCfg = Debug|Any CPU
		{B239FF69-E745-4B0E-AC19-4D2301FAEE39}.Debug|x64.Build.0 = Debug|Any CPU
		{B239FF69-E745-4B0E-AC19-4D2301FAEE39}.Debug|x86.ActiveCfg = Debug|Any CPU
		{B239FF69-E745-4B0E-AC19-4D2301FAEE39}.Debug|x86.Build.0 = Debug|Any CPU
		{B239FF69-E745-4B0E-AC19-4D2301FAEE39}.Release|Any CPU.ActiveCfg = Release|Any CPU
		{B239FF69-E745-4B0E-AC19-4D2301FAEE39}.Release|Any CPU.Build.0 = Release|Any CPU
		{B239FF69-E745-4B0E-AC19-4D2301FAEE39}.Release|x64.ActiveCfg = Release|Any CPU
		{B239FF69-E745-4B0E-AC19-4D2301FAEE39}.Release|x64.Build.0 = Release|Any CPU
		{B239FF69-E745-4B0E-AC19-4D2301FAEE39}.Release|x86.ActiveCfg = Release|Any CPU
		{B239FF69-E745-4B0E-AC19-4D2301FAEE39}.Release|x86.Build.0 = Release|Any CPU
		{A5CD17CD-AC91-4BB5-82DD-8C8849BA44C7}.Debug|Any CPU.ActiveCfg = Debug|Any CPU
		{A5CD17CD-AC91-4BB5-82DD-8C8849BA44C7}.Debug|Any CPU.Build.0 = Debug|Any CPU
		{A5CD17CD-AC91-4BB5-82DD-8C8849BA44C7}.Debug|x64.ActiveCfg = Debug|Any CPU
		{A5CD17CD-AC91-4BB5-82DD-8C8849BA44C7}.Debug|x64.Build.0 = Debug|Any CPU
		{A5CD17CD-AC91-4BB5-82DD-8C8849BA44C7}.Debug|x86.ActiveCfg = Debug|Any CPU
		{A5CD17CD-AC91-4BB5-82DD-8C8849BA44C7}.Debug|x86.Build.0 = Debug|Any CPU
		{A5CD17CD-AC91-4BB5-82DD-8C8849BA44C7}.Release|Any CPU.ActiveCfg = Release|Any CPU
		{A5CD17CD-AC91-4BB5-82DD-8C8849BA44C7}.Release|Any CPU.Build.0 = Release|Any CPU
		{A5CD17CD-AC91-4BB5-82DD-8C8849BA44C7}.Release|x64.ActiveCfg = Release|Any CPU
		{A5CD17CD-AC91-4BB5-82DD-8C8849BA44C7}.Release|x64.Build.0 = Release|Any CPU
		{A5CD17CD-AC91-4BB5-82DD-8C8849BA44C7}.Release|x86.ActiveCfg = Release|Any CPU
		{A5CD17CD-AC91-4BB5-82DD-8C8849BA44C7}.Release|x86.Build.0 = Release|Any CPU
		{00D9F208-CCED-47D6-B1F4-032079C06FAB}.Debug|Any CPU.ActiveCfg = Debug|Any CPU
		{00D9F208-CCED-47D6-B1F4-032079C06FAB}.Debug|Any CPU.Build.0 = Debug|Any CPU
		{00D9F208-CCED-47D6-B1F4-032079C06FAB}.Debug|x64.ActiveCfg = Debug|Any CPU
		{00D9F208-CCED-47D6-B1F4-032079C06FAB}.Debug|x64.Build.0 = Debug|Any CPU
		{00D9F208-CCED-47D6-B1F4-032079C06FAB}.Debug|x86.ActiveCfg = Debug|Any CPU
		{00D9F208-CCED-47D6-B1F4-032079C06FAB}.Debug|x86.Build.0 = Debug|Any CPU
		{00D9F208-CCED-47D6-B1F4-032079C06FAB}.Release|Any CPU.ActiveCfg = Release|Any CPU
		{00D9F208-CCED-47D6-B1F4-032079C06FAB}.Release|Any CPU.Build.0 = Release|Any CPU
		{00D9F208-CCED-47D6-B1F4-032079C06FAB}.Release|x64.ActiveCfg = Release|Any CPU
		{00D9F208-CCED-47D6-B1F4-032079C06FAB}.Release|x64.Build.0 = Release|Any CPU
		{00D9F208-CCED-47D6-B1F4-032079C06FAB}.Release|x86.ActiveCfg = Release|Any CPU
		{00D9F208-CCED-47D6-B1F4-032079C06FAB}.Release|x86.Build.0 = Release|Any CPU
		{D56DEE09-FEE3-4A27-AC8C-A7C793B31DDB}.Debug|Any CPU.ActiveCfg = Debug|Any CPU
		{D56DEE09-FEE3-4A27-AC8C-A7C793B31DDB}.Debug|Any CPU.Build.0 = Debug|Any CPU
		{D56DEE09-FEE3-4A27-AC8C-A7C793B31DDB}.Debug|x64.ActiveCfg = Debug|Any CPU
		{D56DEE09-FEE3-4A27-AC8C-A7C793B31DDB}.Debug|x64.Build.0 = Debug|Any CPU
		{D56DEE09-FEE3-4A27-AC8C-A7C793B31DDB}.Debug|x86.ActiveCfg = Debug|Any CPU
		{D56DEE09-FEE3-4A27-AC8C-A7C793B31DDB}.Debug|x86.Build.0 = Debug|Any CPU
		{D56DEE09-FEE3-4A27-AC8C-A7C793B31DDB}.Release|Any CPU.ActiveCfg = Release|Any CPU
		{D56DEE09-FEE3-4A27-AC8C-A7C793B31DDB}.Release|Any CPU.Build.0 = Release|Any CPU
		{D56DEE09-FEE3-4A27-AC8C-A7C793B31DDB}.Release|x64.ActiveCfg = Release|Any CPU
		{D56DEE09-FEE3-4A27-AC8C-A7C793B31DDB}.Release|x64.Build.0 = Release|Any CPU
		{D56DEE09-FEE3-4A27-AC8C-A7C793B31DDB}.Release|x86.ActiveCfg = Release|Any CPU
		{D56DEE09-FEE3-4A27-AC8C-A7C793B31DDB}.Release|x86.Build.0 = Release|Any CPU
		{BE5C5280-EF63-4E87-99F0-35D400A0D100}.Debug|Any CPU.ActiveCfg = Debug|Any CPU
		{BE5C5280-EF63-4E87-99F0-35D400A0D100}.Debug|Any CPU.Build.0 = Debug|Any CPU
		{BE5C5280-EF63-4E87-99F0-35D400A0D100}.Debug|x64.ActiveCfg = Debug|Any CPU
		{BE5C5280-EF63-4E87-99F0-35D400A0D100}.Debug|x64.Build.0 = Debug|Any CPU
		{BE5C5280-EF63-4E87-99F0-35D400A0D100}.Debug|x86.ActiveCfg = Debug|Any CPU
		{BE5C5280-EF63-4E87-99F0-35D400A0D100}.Debug|x86.Build.0 = Debug|Any CPU
		{BE5C5280-EF63-4E87-99F0-35D400A0D100}.Release|Any CPU.ActiveCfg = Release|Any CPU
		{BE5C5280-EF63-4E87-99F0-35D400A0D100}.Release|Any CPU.Build.0 = Release|Any CPU
		{BE5C5280-EF63-4E87-99F0-35D400A0D100}.Release|x64.ActiveCfg = Release|Any CPU
		{BE5C5280-EF63-4E87-99F0-35D400A0D100}.Release|x64.Build.0 = Release|Any CPU
		{BE5C5280-EF63-4E87-99F0-35D400A0D100}.Release|x86.ActiveCfg = Release|Any CPU
		{BE5C5280-EF63-4E87-99F0-35D400A0D100}.Release|x86.Build.0 = Release|Any CPU
		{B6E90F43-97DB-4321-8058-5E2B9AF73D9A}.Debug|Any CPU.ActiveCfg = Debug|Any CPU
		{B6E90F43-97DB-4321-8058-5E2B9AF73D9A}.Debug|Any CPU.Build.0 = Debug|Any CPU
		{B6E90F43-97DB-4321-8058-5E2B9AF73D9A}.Debug|x64.ActiveCfg = Debug|Any CPU
		{B6E90F43-97DB-4321-8058-5E2B9AF73D9A}.Debug|x64.Build.0 = Debug|Any CPU
		{B6E90F43-97DB-4321-8058-5E2B9AF73D9A}.Debug|x86.ActiveCfg = Debug|Any CPU
		{B6E90F43-97DB-4321-8058-5E2B9AF73D9A}.Debug|x86.Build.0 = Debug|Any CPU
		{B6E90F43-97DB-4321-8058-5E2B9AF73D9A}.Release|Any CPU.ActiveCfg = Release|Any CPU
		{B6E90F43-97DB-4321-8058-5E2B9AF73D9A}.Release|Any CPU.Build.0 = Release|Any CPU
		{B6E90F43-97DB-4321-8058-5E2B9AF73D9A}.Release|x64.ActiveCfg = Release|Any CPU
		{B6E90F43-97DB-4321-8058-5E2B9AF73D9A}.Release|x64.Build.0 = Release|Any CPU
		{B6E90F43-97DB-4321-8058-5E2B9AF73D9A}.Release|x86.ActiveCfg = Release|Any CPU
		{B6E90F43-97DB-4321-8058-5E2B9AF73D9A}.Release|x86.Build.0 = Release|Any CPU
		{3909C8A6-5082-4CA4-A2FD-E29256A04BEA}.Debug|Any CPU.ActiveCfg = Debug|Any CPU
		{3909C8A6-5082-4CA4-A2FD-E29256A04BEA}.Debug|Any CPU.Build.0 = Debug|Any CPU
		{3909C8A6-5082-4CA4-A2FD-E29256A04BEA}.Debug|x64.ActiveCfg = Debug|Any CPU
		{3909C8A6-5082-4CA4-A2FD-E29256A04BEA}.Debug|x64.Build.0 = Debug|Any CPU
		{3909C8A6-5082-4CA4-A2FD-E29256A04BEA}.Debug|x86.ActiveCfg = Debug|Any CPU
		{3909C8A6-5082-4CA4-A2FD-E29256A04BEA}.Debug|x86.Build.0 = Debug|Any CPU
		{3909C8A6-5082-4CA4-A2FD-E29256A04BEA}.Release|Any CPU.ActiveCfg = Release|Any CPU
		{3909C8A6-5082-4CA4-A2FD-E29256A04BEA}.Release|Any CPU.Build.0 = Release|Any CPU
		{3909C8A6-5082-4CA4-A2FD-E29256A04BEA}.Release|x64.ActiveCfg = Release|Any CPU
		{3909C8A6-5082-4CA4-A2FD-E29256A04BEA}.Release|x64.Build.0 = Release|Any CPU
		{3909C8A6-5082-4CA4-A2FD-E29256A04BEA}.Release|x86.ActiveCfg = Release|Any CPU
		{3909C8A6-5082-4CA4-A2FD-E29256A04BEA}.Release|x86.Build.0 = Release|Any CPU
		{39069278-F735-47C8-B562-378C0C196866}.Debug|Any CPU.ActiveCfg = Debug|Any CPU
		{39069278-F735-47C8-B562-378C0C196866}.Debug|Any CPU.Build.0 = Debug|Any CPU
		{39069278-F735-47C8-B562-378C0C196866}.Debug|x64.ActiveCfg = Debug|Any CPU
		{39069278-F735-47C8-B562-378C0C196866}.Debug|x64.Build.0 = Debug|Any CPU
		{39069278-F735-47C8-B562-378C0C196866}.Debug|x86.ActiveCfg = Debug|Any CPU
		{39069278-F735-47C8-B562-378C0C196866}.Debug|x86.Build.0 = Debug|Any CPU
		{39069278-F735-47C8-B562-378C0C196866}.Release|Any CPU.ActiveCfg = Release|Any CPU
		{39069278-F735-47C8-B562-378C0C196866}.Release|Any CPU.Build.0 = Release|Any CPU
		{39069278-F735-47C8-B562-378C0C196866}.Release|x64.ActiveCfg = Release|Any CPU
		{39069278-F735-47C8-B562-378C0C196866}.Release|x64.Build.0 = Release|Any CPU
		{39069278-F735-47C8-B562-378C0C196866}.Release|x86.ActiveCfg = Release|Any CPU
		{39069278-F735-47C8-B562-378C0C196866}.Release|x86.Build.0 = Release|Any CPU
		{6545A85B-FDCC-4551-A472-8F013A8D4E20}.Debug|Any CPU.ActiveCfg = Debug|Any CPU
		{6545A85B-FDCC-4551-A472-8F013A8D4E20}.Debug|Any CPU.Build.0 = Debug|Any CPU
		{6545A85B-FDCC-4551-A472-8F013A8D4E20}.Debug|x64.ActiveCfg = Debug|Any CPU
		{6545A85B-FDCC-4551-A472-8F013A8D4E20}.Debug|x64.Build.0 = Debug|Any CPU
		{6545A85B-FDCC-4551-A472-8F013A8D4E20}.Debug|x86.ActiveCfg = Debug|Any CPU
		{6545A85B-FDCC-4551-A472-8F013A8D4E20}.Debug|x86.Build.0 = Debug|Any CPU
		{6545A85B-FDCC-4551-A472-8F013A8D4E20}.Release|Any CPU.ActiveCfg = Release|Any CPU
		{6545A85B-FDCC-4551-A472-8F013A8D4E20}.Release|Any CPU.Build.0 = Release|Any CPU
		{6545A85B-FDCC-4551-A472-8F013A8D4E20}.Release|x64.ActiveCfg = Release|Any CPU
		{6545A85B-FDCC-4551-A472-8F013A8D4E20}.Release|x64.Build.0 = Release|Any CPU
		{6545A85B-FDCC-4551-A472-8F013A8D4E20}.Release|x86.ActiveCfg = Release|Any CPU
		{6545A85B-FDCC-4551-A472-8F013A8D4E20}.Release|x86.Build.0 = Release|Any CPU
		{F23E1500-67B4-41C5-98C7-A12D34EB833A}.Debug|Any CPU.ActiveCfg = Debug|Any CPU
		{F23E1500-67B4-41C5-98C7-A12D34EB833A}.Debug|Any CPU.Build.0 = Debug|Any CPU
		{F23E1500-67B4-41C5-98C7-A12D34EB833A}.Debug|x64.ActiveCfg = Debug|Any CPU
		{F23E1500-67B4-41C5-98C7-A12D34EB833A}.Debug|x64.Build.0 = Debug|Any CPU
		{F23E1500-67B4-41C5-98C7-A12D34EB833A}.Debug|x86.ActiveCfg = Debug|Any CPU
		{F23E1500-67B4-41C5-98C7-A12D34EB833A}.Debug|x86.Build.0 = Debug|Any CPU
		{F23E1500-67B4-41C5-98C7-A12D34EB833A}.Release|Any CPU.ActiveCfg = Release|Any CPU
		{F23E1500-67B4-41C5-98C7-A12D34EB833A}.Release|Any CPU.Build.0 = Release|Any CPU
		{F23E1500-67B4-41C5-98C7-A12D34EB833A}.Release|x64.ActiveCfg = Release|Any CPU
		{F23E1500-67B4-41C5-98C7-A12D34EB833A}.Release|x64.Build.0 = Release|Any CPU
		{F23E1500-67B4-41C5-98C7-A12D34EB833A}.Release|x86.ActiveCfg = Release|Any CPU
		{F23E1500-67B4-41C5-98C7-A12D34EB833A}.Release|x86.Build.0 = Release|Any CPU
		{A365DF58-B074-4E1F-B7F4-FB8F2F986C2F}.Debug|Any CPU.ActiveCfg = Debug|Any CPU
		{A365DF58-B074-4E1F-B7F4-FB8F2F986C2F}.Debug|Any CPU.Build.0 = Debug|Any CPU
		{A365DF58-B074-4E1F-B7F4-FB8F2F986C2F}.Debug|x64.ActiveCfg = Debug|Any CPU
		{A365DF58-B074-4E1F-B7F4-FB8F2F986C2F}.Debug|x64.Build.0 = Debug|Any CPU
		{A365DF58-B074-4E1F-B7F4-FB8F2F986C2F}.Debug|x86.ActiveCfg = Debug|Any CPU
		{A365DF58-B074-4E1F-B7F4-FB8F2F986C2F}.Debug|x86.Build.0 = Debug|Any CPU
		{A365DF58-B074-4E1F-B7F4-FB8F2F986C2F}.Release|Any CPU.ActiveCfg = Release|Any CPU
		{A365DF58-B074-4E1F-B7F4-FB8F2F986C2F}.Release|Any CPU.Build.0 = Release|Any CPU
		{A365DF58-B074-4E1F-B7F4-FB8F2F986C2F}.Release|x64.ActiveCfg = Release|Any CPU
		{A365DF58-B074-4E1F-B7F4-FB8F2F986C2F}.Release|x64.Build.0 = Release|Any CPU
		{A365DF58-B074-4E1F-B7F4-FB8F2F986C2F}.Release|x86.ActiveCfg = Release|Any CPU
		{A365DF58-B074-4E1F-B7F4-FB8F2F986C2F}.Release|x86.Build.0 = Release|Any CPU
		{AA6106C6-2280-4276-AB22-A853470016AD}.Debug|Any CPU.ActiveCfg = Debug|Any CPU
		{AA6106C6-2280-4276-AB22-A853470016AD}.Debug|Any CPU.Build.0 = Debug|Any CPU
		{AA6106C6-2280-4276-AB22-A853470016AD}.Debug|x64.ActiveCfg = Debug|Any CPU
		{AA6106C6-2280-4276-AB22-A853470016AD}.Debug|x64.Build.0 = Debug|Any CPU
		{AA6106C6-2280-4276-AB22-A853470016AD}.Debug|x86.ActiveCfg = Debug|Any CPU
		{AA6106C6-2280-4276-AB22-A853470016AD}.Debug|x86.Build.0 = Debug|Any CPU
		{AA6106C6-2280-4276-AB22-A853470016AD}.Release|Any CPU.ActiveCfg = Release|Any CPU
		{AA6106C6-2280-4276-AB22-A853470016AD}.Release|Any CPU.Build.0 = Release|Any CPU
		{AA6106C6-2280-4276-AB22-A853470016AD}.Release|x64.ActiveCfg = Release|Any CPU
		{AA6106C6-2280-4276-AB22-A853470016AD}.Release|x64.Build.0 = Release|Any CPU
		{AA6106C6-2280-4276-AB22-A853470016AD}.Release|x86.ActiveCfg = Release|Any CPU
		{AA6106C6-2280-4276-AB22-A853470016AD}.Release|x86.Build.0 = Release|Any CPU
		{34773FE1-3E27-43A9-B15F-9A754C9F8052}.Debug|Any CPU.ActiveCfg = Debug|Any CPU
		{34773FE1-3E27-43A9-B15F-9A754C9F8052}.Debug|Any CPU.Build.0 = Debug|Any CPU
		{34773FE1-3E27-43A9-B15F-9A754C9F8052}.Debug|x64.ActiveCfg = Debug|Any CPU
		{34773FE1-3E27-43A9-B15F-9A754C9F8052}.Debug|x64.Build.0 = Debug|Any CPU
		{34773FE1-3E27-43A9-B15F-9A754C9F8052}.Debug|x86.ActiveCfg = Debug|Any CPU
		{34773FE1-3E27-43A9-B15F-9A754C9F8052}.Debug|x86.Build.0 = Debug|Any CPU
		{34773FE1-3E27-43A9-B15F-9A754C9F8052}.Release|Any CPU.ActiveCfg = Release|Any CPU
		{34773FE1-3E27-43A9-B15F-9A754C9F8052}.Release|Any CPU.Build.0 = Release|Any CPU
		{34773FE1-3E27-43A9-B15F-9A754C9F8052}.Release|x64.ActiveCfg = Release|Any CPU
		{34773FE1-3E27-43A9-B15F-9A754C9F8052}.Release|x64.Build.0 = Release|Any CPU
		{34773FE1-3E27-43A9-B15F-9A754C9F8052}.Release|x86.ActiveCfg = Release|Any CPU
		{34773FE1-3E27-43A9-B15F-9A754C9F8052}.Release|x86.Build.0 = Release|Any CPU
		{ECA52B23-2F2F-43A2-B29D-A75A984FFB79}.Debug|Any CPU.ActiveCfg = Debug|Any CPU
		{ECA52B23-2F2F-43A2-B29D-A75A984FFB79}.Debug|Any CPU.Build.0 = Debug|Any CPU
		{ECA52B23-2F2F-43A2-B29D-A75A984FFB79}.Debug|x64.ActiveCfg = Debug|Any CPU
		{ECA52B23-2F2F-43A2-B29D-A75A984FFB79}.Debug|x64.Build.0 = Debug|Any CPU
		{ECA52B23-2F2F-43A2-B29D-A75A984FFB79}.Debug|x86.ActiveCfg = Debug|Any CPU
		{ECA52B23-2F2F-43A2-B29D-A75A984FFB79}.Debug|x86.Build.0 = Debug|Any CPU
		{ECA52B23-2F2F-43A2-B29D-A75A984FFB79}.Release|Any CPU.ActiveCfg = Release|Any CPU
		{ECA52B23-2F2F-43A2-B29D-A75A984FFB79}.Release|Any CPU.Build.0 = Release|Any CPU
		{ECA52B23-2F2F-43A2-B29D-A75A984FFB79}.Release|x64.ActiveCfg = Release|Any CPU
		{ECA52B23-2F2F-43A2-B29D-A75A984FFB79}.Release|x64.Build.0 = Release|Any CPU
		{ECA52B23-2F2F-43A2-B29D-A75A984FFB79}.Release|x86.ActiveCfg = Release|Any CPU
		{ECA52B23-2F2F-43A2-B29D-A75A984FFB79}.Release|x86.Build.0 = Release|Any CPU
		{D49220DD-8432-4D66-83E7-E28F15AAA8B9}.Debug|Any CPU.ActiveCfg = Debug|Any CPU
		{D49220DD-8432-4D66-83E7-E28F15AAA8B9}.Debug|Any CPU.Build.0 = Debug|Any CPU
		{D49220DD-8432-4D66-83E7-E28F15AAA8B9}.Debug|x64.ActiveCfg = Debug|Any CPU
		{D49220DD-8432-4D66-83E7-E28F15AAA8B9}.Debug|x64.Build.0 = Debug|Any CPU
		{D49220DD-8432-4D66-83E7-E28F15AAA8B9}.Debug|x86.ActiveCfg = Debug|Any CPU
		{D49220DD-8432-4D66-83E7-E28F15AAA8B9}.Debug|x86.Build.0 = Debug|Any CPU
		{D49220DD-8432-4D66-83E7-E28F15AAA8B9}.Release|Any CPU.ActiveCfg = Release|Any CPU
		{D49220DD-8432-4D66-83E7-E28F15AAA8B9}.Release|Any CPU.Build.0 = Release|Any CPU
		{D49220DD-8432-4D66-83E7-E28F15AAA8B9}.Release|x64.ActiveCfg = Release|Any CPU
		{D49220DD-8432-4D66-83E7-E28F15AAA8B9}.Release|x64.Build.0 = Release|Any CPU
		{D49220DD-8432-4D66-83E7-E28F15AAA8B9}.Release|x86.ActiveCfg = Release|Any CPU
		{D49220DD-8432-4D66-83E7-E28F15AAA8B9}.Release|x86.Build.0 = Release|Any CPU
		{B5AAA3E4-8003-42D6-BE9F-43E76B0B1C45}.Debug|Any CPU.ActiveCfg = Debug|Any CPU
		{B5AAA3E4-8003-42D6-BE9F-43E76B0B1C45}.Debug|Any CPU.Build.0 = Debug|Any CPU
		{B5AAA3E4-8003-42D6-BE9F-43E76B0B1C45}.Debug|x64.ActiveCfg = Debug|Any CPU
		{B5AAA3E4-8003-42D6-BE9F-43E76B0B1C45}.Debug|x64.Build.0 = Debug|Any CPU
		{B5AAA3E4-8003-42D6-BE9F-43E76B0B1C45}.Debug|x86.ActiveCfg = Debug|Any CPU
		{B5AAA3E4-8003-42D6-BE9F-43E76B0B1C45}.Debug|x86.Build.0 = Debug|Any CPU
		{B5AAA3E4-8003-42D6-BE9F-43E76B0B1C45}.Release|Any CPU.ActiveCfg = Release|Any CPU
		{B5AAA3E4-8003-42D6-BE9F-43E76B0B1C45}.Release|Any CPU.Build.0 = Release|Any CPU
		{B5AAA3E4-8003-42D6-BE9F-43E76B0B1C45}.Release|x64.ActiveCfg = Release|Any CPU
		{B5AAA3E4-8003-42D6-BE9F-43E76B0B1C45}.Release|x64.Build.0 = Release|Any CPU
		{B5AAA3E4-8003-42D6-BE9F-43E76B0B1C45}.Release|x86.ActiveCfg = Release|Any CPU
		{B5AAA3E4-8003-42D6-BE9F-43E76B0B1C45}.Release|x86.Build.0 = Release|Any CPU
		{54748647-673C-487F-B1BE-33309F7AAD7E}.Debug|Any CPU.ActiveCfg = Debug|Any CPU
		{54748647-673C-487F-B1BE-33309F7AAD7E}.Debug|Any CPU.Build.0 = Debug|Any CPU
		{54748647-673C-487F-B1BE-33309F7AAD7E}.Debug|x64.ActiveCfg = Debug|Any CPU
		{54748647-673C-487F-B1BE-33309F7AAD7E}.Debug|x64.Build.0 = Debug|Any CPU
		{54748647-673C-487F-B1BE-33309F7AAD7E}.Debug|x86.ActiveCfg = Debug|Any CPU
		{54748647-673C-487F-B1BE-33309F7AAD7E}.Debug|x86.Build.0 = Debug|Any CPU
		{54748647-673C-487F-B1BE-33309F7AAD7E}.Release|Any CPU.ActiveCfg = Release|Any CPU
		{54748647-673C-487F-B1BE-33309F7AAD7E}.Release|Any CPU.Build.0 = Release|Any CPU
		{54748647-673C-487F-B1BE-33309F7AAD7E}.Release|x64.ActiveCfg = Release|Any CPU
		{54748647-673C-487F-B1BE-33309F7AAD7E}.Release|x64.Build.0 = Release|Any CPU
		{54748647-673C-487F-B1BE-33309F7AAD7E}.Release|x86.ActiveCfg = Release|Any CPU
		{54748647-673C-487F-B1BE-33309F7AAD7E}.Release|x86.Build.0 = Release|Any CPU
		{74CD35ED-3100-4B88-8B0C-6E4115ACE721}.Debug|Any CPU.ActiveCfg = Debug|Any CPU
		{74CD35ED-3100-4B88-8B0C-6E4115ACE721}.Debug|Any CPU.Build.0 = Debug|Any CPU
		{74CD35ED-3100-4B88-8B0C-6E4115ACE721}.Debug|x64.ActiveCfg = Debug|Any CPU
		{74CD35ED-3100-4B88-8B0C-6E4115ACE721}.Debug|x64.Build.0 = Debug|Any CPU
		{74CD35ED-3100-4B88-8B0C-6E4115ACE721}.Debug|x86.ActiveCfg = Debug|Any CPU
		{74CD35ED-3100-4B88-8B0C-6E4115ACE721}.Debug|x86.Build.0 = Debug|Any CPU
		{74CD35ED-3100-4B88-8B0C-6E4115ACE721}.Release|Any CPU.ActiveCfg = Release|Any CPU
		{74CD35ED-3100-4B88-8B0C-6E4115ACE721}.Release|Any CPU.Build.0 = Release|Any CPU
		{74CD35ED-3100-4B88-8B0C-6E4115ACE721}.Release|x64.ActiveCfg = Release|Any CPU
		{74CD35ED-3100-4B88-8B0C-6E4115ACE721}.Release|x64.Build.0 = Release|Any CPU
		{74CD35ED-3100-4B88-8B0C-6E4115ACE721}.Release|x86.ActiveCfg = Release|Any CPU
		{74CD35ED-3100-4B88-8B0C-6E4115ACE721}.Release|x86.Build.0 = Release|Any CPU
		{A78F526E-65AE-415A-BCB9-07048DFA2544}.Debug|Any CPU.ActiveCfg = Debug|Any CPU
		{A78F526E-65AE-415A-BCB9-07048DFA2544}.Debug|Any CPU.Build.0 = Debug|Any CPU
		{A78F526E-65AE-415A-BCB9-07048DFA2544}.Debug|x64.ActiveCfg = Debug|Any CPU
		{A78F526E-65AE-415A-BCB9-07048DFA2544}.Debug|x64.Build.0 = Debug|Any CPU
		{A78F526E-65AE-415A-BCB9-07048DFA2544}.Debug|x86.ActiveCfg = Debug|Any CPU
		{A78F526E-65AE-415A-BCB9-07048DFA2544}.Debug|x86.Build.0 = Debug|Any CPU
		{A78F526E-65AE-415A-BCB9-07048DFA2544}.Release|Any CPU.ActiveCfg = Release|Any CPU
		{A78F526E-65AE-415A-BCB9-07048DFA2544}.Release|Any CPU.Build.0 = Release|Any CPU
		{A78F526E-65AE-415A-BCB9-07048DFA2544}.Release|x64.ActiveCfg = Release|Any CPU
		{A78F526E-65AE-415A-BCB9-07048DFA2544}.Release|x64.Build.0 = Release|Any CPU
		{A78F526E-65AE-415A-BCB9-07048DFA2544}.Release|x86.ActiveCfg = Release|Any CPU
		{A78F526E-65AE-415A-BCB9-07048DFA2544}.Release|x86.Build.0 = Release|Any CPU
		{50BB13FF-14DC-4399-B7AC-D874FB96EDF7}.Debug|Any CPU.ActiveCfg = Debug|Any CPU
		{50BB13FF-14DC-4399-B7AC-D874FB96EDF7}.Debug|Any CPU.Build.0 = Debug|Any CPU
		{50BB13FF-14DC-4399-B7AC-D874FB96EDF7}.Debug|x64.ActiveCfg = Debug|Any CPU
		{50BB13FF-14DC-4399-B7AC-D874FB96EDF7}.Debug|x64.Build.0 = Debug|Any CPU
		{50BB13FF-14DC-4399-B7AC-D874FB96EDF7}.Debug|x86.ActiveCfg = Debug|Any CPU
		{50BB13FF-14DC-4399-B7AC-D874FB96EDF7}.Debug|x86.Build.0 = Debug|Any CPU
		{50BB13FF-14DC-4399-B7AC-D874FB96EDF7}.Release|Any CPU.ActiveCfg = Release|Any CPU
		{50BB13FF-14DC-4399-B7AC-D874FB96EDF7}.Release|Any CPU.Build.0 = Release|Any CPU
		{50BB13FF-14DC-4399-B7AC-D874FB96EDF7}.Release|x64.ActiveCfg = Release|Any CPU
		{50BB13FF-14DC-4399-B7AC-D874FB96EDF7}.Release|x64.Build.0 = Release|Any CPU
		{50BB13FF-14DC-4399-B7AC-D874FB96EDF7}.Release|x86.ActiveCfg = Release|Any CPU
		{50BB13FF-14DC-4399-B7AC-D874FB96EDF7}.Release|x86.Build.0 = Release|Any CPU
		{2604AA80-ED06-41EA-AF28-C83C959D3534}.Debug|Any CPU.ActiveCfg = Debug|Any CPU
		{2604AA80-ED06-41EA-AF28-C83C959D3534}.Debug|Any CPU.Build.0 = Debug|Any CPU
		{2604AA80-ED06-41EA-AF28-C83C959D3534}.Debug|x64.ActiveCfg = Debug|Any CPU
		{2604AA80-ED06-41EA-AF28-C83C959D3534}.Debug|x64.Build.0 = Debug|Any CPU
		{2604AA80-ED06-41EA-AF28-C83C959D3534}.Debug|x86.ActiveCfg = Debug|Any CPU
		{2604AA80-ED06-41EA-AF28-C83C959D3534}.Debug|x86.Build.0 = Debug|Any CPU
		{2604AA80-ED06-41EA-AF28-C83C959D3534}.Release|Any CPU.ActiveCfg = Release|Any CPU
		{2604AA80-ED06-41EA-AF28-C83C959D3534}.Release|Any CPU.Build.0 = Release|Any CPU
		{2604AA80-ED06-41EA-AF28-C83C959D3534}.Release|x64.ActiveCfg = Release|Any CPU
		{2604AA80-ED06-41EA-AF28-C83C959D3534}.Release|x64.Build.0 = Release|Any CPU
		{2604AA80-ED06-41EA-AF28-C83C959D3534}.Release|x86.ActiveCfg = Release|Any CPU
		{2604AA80-ED06-41EA-AF28-C83C959D3534}.Release|x86.Build.0 = Release|Any CPU
		{D570B418-2526-4942-A41C-6AE0E01B0533}.Debug|Any CPU.ActiveCfg = Debug|Any CPU
		{D570B418-2526-4942-A41C-6AE0E01B0533}.Debug|Any CPU.Build.0 = Debug|Any CPU
		{D570B418-2526-4942-A41C-6AE0E01B0533}.Debug|x64.ActiveCfg = Debug|Any CPU
		{D570B418-2526-4942-A41C-6AE0E01B0533}.Debug|x64.Build.0 = Debug|Any CPU
		{D570B418-2526-4942-A41C-6AE0E01B0533}.Debug|x86.ActiveCfg = Debug|Any CPU
		{D570B418-2526-4942-A41C-6AE0E01B0533}.Debug|x86.Build.0 = Debug|Any CPU
		{D570B418-2526-4942-A41C-6AE0E01B0533}.Release|Any CPU.ActiveCfg = Release|Any CPU
		{D570B418-2526-4942-A41C-6AE0E01B0533}.Release|Any CPU.Build.0 = Release|Any CPU
		{D570B418-2526-4942-A41C-6AE0E01B0533}.Release|x64.ActiveCfg = Release|Any CPU
		{D570B418-2526-4942-A41C-6AE0E01B0533}.Release|x64.Build.0 = Release|Any CPU
		{D570B418-2526-4942-A41C-6AE0E01B0533}.Release|x86.ActiveCfg = Release|Any CPU
		{D570B418-2526-4942-A41C-6AE0E01B0533}.Release|x86.Build.0 = Release|Any CPU
		{32250E85-40B6-4A4D-8B9B-6F1EF4D31921}.Debug|Any CPU.ActiveCfg = Debug|Any CPU
		{32250E85-40B6-4A4D-8B9B-6F1EF4D31921}.Debug|Any CPU.Build.0 = Debug|Any CPU
		{32250E85-40B6-4A4D-8B9B-6F1EF4D31921}.Debug|x64.ActiveCfg = Debug|Any CPU
		{32250E85-40B6-4A4D-8B9B-6F1EF4D31921}.Debug|x64.Build.0 = Debug|Any CPU
		{32250E85-40B6-4A4D-8B9B-6F1EF4D31921}.Debug|x86.ActiveCfg = Debug|Any CPU
		{32250E85-40B6-4A4D-8B9B-6F1EF4D31921}.Debug|x86.Build.0 = Debug|Any CPU
		{32250E85-40B6-4A4D-8B9B-6F1EF4D31921}.Release|Any CPU.ActiveCfg = Release|Any CPU
		{32250E85-40B6-4A4D-8B9B-6F1EF4D31921}.Release|Any CPU.Build.0 = Release|Any CPU
		{32250E85-40B6-4A4D-8B9B-6F1EF4D31921}.Release|x64.ActiveCfg = Release|Any CPU
		{32250E85-40B6-4A4D-8B9B-6F1EF4D31921}.Release|x64.Build.0 = Release|Any CPU
		{32250E85-40B6-4A4D-8B9B-6F1EF4D31921}.Release|x86.ActiveCfg = Release|Any CPU
		{32250E85-40B6-4A4D-8B9B-6F1EF4D31921}.Release|x86.Build.0 = Release|Any CPU
		{44B41BEB-3621-4143-AD6F-5C0959E2B441}.Debug|Any CPU.ActiveCfg = Debug|Any CPU
		{44B41BEB-3621-4143-AD6F-5C0959E2B441}.Debug|Any CPU.Build.0 = Debug|Any CPU
		{44B41BEB-3621-4143-AD6F-5C0959E2B441}.Debug|x64.ActiveCfg = Debug|Any CPU
		{44B41BEB-3621-4143-AD6F-5C0959E2B441}.Debug|x64.Build.0 = Debug|Any CPU
		{44B41BEB-3621-4143-AD6F-5C0959E2B441}.Debug|x86.ActiveCfg = Debug|Any CPU
		{44B41BEB-3621-4143-AD6F-5C0959E2B441}.Debug|x86.Build.0 = Debug|Any CPU
		{44B41BEB-3621-4143-AD6F-5C0959E2B441}.Release|Any CPU.ActiveCfg = Release|Any CPU
		{44B41BEB-3621-4143-AD6F-5C0959E2B441}.Release|Any CPU.Build.0 = Release|Any CPU
		{44B41BEB-3621-4143-AD6F-5C0959E2B441}.Release|x64.ActiveCfg = Release|Any CPU
		{44B41BEB-3621-4143-AD6F-5C0959E2B441}.Release|x64.Build.0 = Release|Any CPU
		{44B41BEB-3621-4143-AD6F-5C0959E2B441}.Release|x86.ActiveCfg = Release|Any CPU
		{44B41BEB-3621-4143-AD6F-5C0959E2B441}.Release|x86.Build.0 = Release|Any CPU
		{3A0B35E2-541B-4D14-8C0C-0F1888D76DDD}.Debug|Any CPU.ActiveCfg = Debug|Any CPU
		{3A0B35E2-541B-4D14-8C0C-0F1888D76DDD}.Debug|Any CPU.Build.0 = Debug|Any CPU
		{3A0B35E2-541B-4D14-8C0C-0F1888D76DDD}.Debug|x64.ActiveCfg = Debug|Any CPU
		{3A0B35E2-541B-4D14-8C0C-0F1888D76DDD}.Debug|x64.Build.0 = Debug|Any CPU
		{3A0B35E2-541B-4D14-8C0C-0F1888D76DDD}.Debug|x86.ActiveCfg = Debug|Any CPU
		{3A0B35E2-541B-4D14-8C0C-0F1888D76DDD}.Debug|x86.Build.0 = Debug|Any CPU
		{3A0B35E2-541B-4D14-8C0C-0F1888D76DDD}.Release|Any CPU.ActiveCfg = Release|Any CPU
		{3A0B35E2-541B-4D14-8C0C-0F1888D76DDD}.Release|Any CPU.Build.0 = Release|Any CPU
		{3A0B35E2-541B-4D14-8C0C-0F1888D76DDD}.Release|x64.ActiveCfg = Release|Any CPU
		{3A0B35E2-541B-4D14-8C0C-0F1888D76DDD}.Release|x64.Build.0 = Release|Any CPU
		{3A0B35E2-541B-4D14-8C0C-0F1888D76DDD}.Release|x86.ActiveCfg = Release|Any CPU
		{3A0B35E2-541B-4D14-8C0C-0F1888D76DDD}.Release|x86.Build.0 = Release|Any CPU
		{B6923E94-F66B-4BEE-9D0B-20B97CEEF0EA}.Debug|Any CPU.ActiveCfg = Debug|Any CPU
		{B6923E94-F66B-4BEE-9D0B-20B97CEEF0EA}.Debug|Any CPU.Build.0 = Debug|Any CPU
		{B6923E94-F66B-4BEE-9D0B-20B97CEEF0EA}.Debug|x64.ActiveCfg = Debug|Any CPU
		{B6923E94-F66B-4BEE-9D0B-20B97CEEF0EA}.Debug|x64.Build.0 = Debug|Any CPU
		{B6923E94-F66B-4BEE-9D0B-20B97CEEF0EA}.Debug|x86.ActiveCfg = Debug|Any CPU
		{B6923E94-F66B-4BEE-9D0B-20B97CEEF0EA}.Debug|x86.Build.0 = Debug|Any CPU
		{B6923E94-F66B-4BEE-9D0B-20B97CEEF0EA}.Release|Any CPU.ActiveCfg = Release|Any CPU
		{B6923E94-F66B-4BEE-9D0B-20B97CEEF0EA}.Release|Any CPU.Build.0 = Release|Any CPU
		{B6923E94-F66B-4BEE-9D0B-20B97CEEF0EA}.Release|x64.ActiveCfg = Release|Any CPU
		{B6923E94-F66B-4BEE-9D0B-20B97CEEF0EA}.Release|x64.Build.0 = Release|Any CPU
		{B6923E94-F66B-4BEE-9D0B-20B97CEEF0EA}.Release|x86.ActiveCfg = Release|Any CPU
		{B6923E94-F66B-4BEE-9D0B-20B97CEEF0EA}.Release|x86.Build.0 = Release|Any CPU
		{7C1A8BE1-6DAB-49B9-9178-CCC51BC11FF3}.Debug|Any CPU.ActiveCfg = Debug|Any CPU
		{7C1A8BE1-6DAB-49B9-9178-CCC51BC11FF3}.Debug|Any CPU.Build.0 = Debug|Any CPU
		{7C1A8BE1-6DAB-49B9-9178-CCC51BC11FF3}.Debug|x64.ActiveCfg = Debug|Any CPU
		{7C1A8BE1-6DAB-49B9-9178-CCC51BC11FF3}.Debug|x64.Build.0 = Debug|Any CPU
		{7C1A8BE1-6DAB-49B9-9178-CCC51BC11FF3}.Debug|x86.ActiveCfg = Debug|Any CPU
		{7C1A8BE1-6DAB-49B9-9178-CCC51BC11FF3}.Debug|x86.Build.0 = Debug|Any CPU
		{7C1A8BE1-6DAB-49B9-9178-CCC51BC11FF3}.Release|Any CPU.ActiveCfg = Release|Any CPU
		{7C1A8BE1-6DAB-49B9-9178-CCC51BC11FF3}.Release|Any CPU.Build.0 = Release|Any CPU
		{7C1A8BE1-6DAB-49B9-9178-CCC51BC11FF3}.Release|x64.ActiveCfg = Release|Any CPU
		{7C1A8BE1-6DAB-49B9-9178-CCC51BC11FF3}.Release|x64.Build.0 = Release|Any CPU
		{7C1A8BE1-6DAB-49B9-9178-CCC51BC11FF3}.Release|x86.ActiveCfg = Release|Any CPU
		{7C1A8BE1-6DAB-49B9-9178-CCC51BC11FF3}.Release|x86.Build.0 = Release|Any CPU
		{28E1495A-0816-4F1F-BF7D-B89E3FB71154}.Debug|Any CPU.ActiveCfg = Debug|Any CPU
		{28E1495A-0816-4F1F-BF7D-B89E3FB71154}.Debug|Any CPU.Build.0 = Debug|Any CPU
		{28E1495A-0816-4F1F-BF7D-B89E3FB71154}.Debug|x64.ActiveCfg = Debug|Any CPU
		{28E1495A-0816-4F1F-BF7D-B89E3FB71154}.Debug|x64.Build.0 = Debug|Any CPU
		{28E1495A-0816-4F1F-BF7D-B89E3FB71154}.Debug|x86.ActiveCfg = Debug|Any CPU
		{28E1495A-0816-4F1F-BF7D-B89E3FB71154}.Debug|x86.Build.0 = Debug|Any CPU
		{28E1495A-0816-4F1F-BF7D-B89E3FB71154}.Release|Any CPU.ActiveCfg = Release|Any CPU
		{28E1495A-0816-4F1F-BF7D-B89E3FB71154}.Release|Any CPU.Build.0 = Release|Any CPU
		{28E1495A-0816-4F1F-BF7D-B89E3FB71154}.Release|x64.ActiveCfg = Release|Any CPU
		{28E1495A-0816-4F1F-BF7D-B89E3FB71154}.Release|x64.Build.0 = Release|Any CPU
		{28E1495A-0816-4F1F-BF7D-B89E3FB71154}.Release|x86.ActiveCfg = Release|Any CPU
		{28E1495A-0816-4F1F-BF7D-B89E3FB71154}.Release|x86.Build.0 = Release|Any CPU
		{686C679D-2A29-46BF-84A1-92EC6C3255F7}.Debug|Any CPU.ActiveCfg = Debug|Any CPU
		{686C679D-2A29-46BF-84A1-92EC6C3255F7}.Debug|Any CPU.Build.0 = Debug|Any CPU
		{686C679D-2A29-46BF-84A1-92EC6C3255F7}.Debug|x64.ActiveCfg = Debug|Any CPU
		{686C679D-2A29-46BF-84A1-92EC6C3255F7}.Debug|x64.Build.0 = Debug|Any CPU
		{686C679D-2A29-46BF-84A1-92EC6C3255F7}.Debug|x86.ActiveCfg = Debug|Any CPU
		{686C679D-2A29-46BF-84A1-92EC6C3255F7}.Debug|x86.Build.0 = Debug|Any CPU
		{686C679D-2A29-46BF-84A1-92EC6C3255F7}.Release|Any CPU.ActiveCfg = Release|Any CPU
		{686C679D-2A29-46BF-84A1-92EC6C3255F7}.Release|Any CPU.Build.0 = Release|Any CPU
		{686C679D-2A29-46BF-84A1-92EC6C3255F7}.Release|x64.ActiveCfg = Release|Any CPU
		{686C679D-2A29-46BF-84A1-92EC6C3255F7}.Release|x64.Build.0 = Release|Any CPU
		{686C679D-2A29-46BF-84A1-92EC6C3255F7}.Release|x86.ActiveCfg = Release|Any CPU
		{686C679D-2A29-46BF-84A1-92EC6C3255F7}.Release|x86.Build.0 = Release|Any CPU
		{4C498318-731D-43C8-A846-AB816D06A832}.Debug|Any CPU.ActiveCfg = Debug|Any CPU
		{4C498318-731D-43C8-A846-AB816D06A832}.Debug|Any CPU.Build.0 = Debug|Any CPU
		{4C498318-731D-43C8-A846-AB816D06A832}.Debug|x64.ActiveCfg = Debug|Any CPU
		{4C498318-731D-43C8-A846-AB816D06A832}.Debug|x64.Build.0 = Debug|Any CPU
		{4C498318-731D-43C8-A846-AB816D06A832}.Debug|x86.ActiveCfg = Debug|Any CPU
		{4C498318-731D-43C8-A846-AB816D06A832}.Debug|x86.Build.0 = Debug|Any CPU
		{4C498318-731D-43C8-A846-AB816D06A832}.Release|Any CPU.ActiveCfg = Release|Any CPU
		{4C498318-731D-43C8-A846-AB816D06A832}.Release|Any CPU.Build.0 = Release|Any CPU
		{4C498318-731D-43C8-A846-AB816D06A832}.Release|x64.ActiveCfg = Release|Any CPU
		{4C498318-731D-43C8-A846-AB816D06A832}.Release|x64.Build.0 = Release|Any CPU
		{4C498318-731D-43C8-A846-AB816D06A832}.Release|x86.ActiveCfg = Release|Any CPU
		{4C498318-731D-43C8-A846-AB816D06A832}.Release|x86.Build.0 = Release|Any CPU
		{F45205E8-7376-426A-AA1B-15FEC69BC5B4}.Debug|Any CPU.ActiveCfg = Debug|Any CPU
		{F45205E8-7376-426A-AA1B-15FEC69BC5B4}.Debug|Any CPU.Build.0 = Debug|Any CPU
		{F45205E8-7376-426A-AA1B-15FEC69BC5B4}.Debug|x64.ActiveCfg = Debug|Any CPU
		{F45205E8-7376-426A-AA1B-15FEC69BC5B4}.Debug|x64.Build.0 = Debug|Any CPU
		{F45205E8-7376-426A-AA1B-15FEC69BC5B4}.Debug|x86.ActiveCfg = Debug|Any CPU
		{F45205E8-7376-426A-AA1B-15FEC69BC5B4}.Debug|x86.Build.0 = Debug|Any CPU
		{F45205E8-7376-426A-AA1B-15FEC69BC5B4}.Release|Any CPU.ActiveCfg = Release|Any CPU
		{F45205E8-7376-426A-AA1B-15FEC69BC5B4}.Release|Any CPU.Build.0 = Release|Any CPU
		{F45205E8-7376-426A-AA1B-15FEC69BC5B4}.Release|x64.ActiveCfg = Release|Any CPU
		{F45205E8-7376-426A-AA1B-15FEC69BC5B4}.Release|x64.Build.0 = Release|Any CPU
		{F45205E8-7376-426A-AA1B-15FEC69BC5B4}.Release|x86.ActiveCfg = Release|Any CPU
		{F45205E8-7376-426A-AA1B-15FEC69BC5B4}.Release|x86.Build.0 = Release|Any CPU
		{E3145A2D-7791-498A-B94E-79FC2E24649D}.Debug|Any CPU.ActiveCfg = Debug|Any CPU
		{E3145A2D-7791-498A-B94E-79FC2E24649D}.Debug|Any CPU.Build.0 = Debug|Any CPU
		{E3145A2D-7791-498A-B94E-79FC2E24649D}.Debug|x64.ActiveCfg = Debug|Any CPU
		{E3145A2D-7791-498A-B94E-79FC2E24649D}.Debug|x64.Build.0 = Debug|Any CPU
		{E3145A2D-7791-498A-B94E-79FC2E24649D}.Debug|x86.ActiveCfg = Debug|Any CPU
		{E3145A2D-7791-498A-B94E-79FC2E24649D}.Debug|x86.Build.0 = Debug|Any CPU
		{E3145A2D-7791-498A-B94E-79FC2E24649D}.Release|Any CPU.ActiveCfg = Release|Any CPU
		{E3145A2D-7791-498A-B94E-79FC2E24649D}.Release|Any CPU.Build.0 = Release|Any CPU
		{E3145A2D-7791-498A-B94E-79FC2E24649D}.Release|x64.ActiveCfg = Release|Any CPU
		{E3145A2D-7791-498A-B94E-79FC2E24649D}.Release|x64.Build.0 = Release|Any CPU
		{E3145A2D-7791-498A-B94E-79FC2E24649D}.Release|x86.ActiveCfg = Release|Any CPU
		{E3145A2D-7791-498A-B94E-79FC2E24649D}.Release|x86.Build.0 = Release|Any CPU
		{13E80374-B978-4BC2-B4C1-D63ED6D687D9}.Debug|Any CPU.ActiveCfg = Debug|Any CPU
		{13E80374-B978-4BC2-B4C1-D63ED6D687D9}.Debug|Any CPU.Build.0 = Debug|Any CPU
		{13E80374-B978-4BC2-B4C1-D63ED6D687D9}.Debug|x64.ActiveCfg = Debug|Any CPU
		{13E80374-B978-4BC2-B4C1-D63ED6D687D9}.Debug|x64.Build.0 = Debug|Any CPU
		{13E80374-B978-4BC2-B4C1-D63ED6D687D9}.Debug|x86.ActiveCfg = Debug|Any CPU
		{13E80374-B978-4BC2-B4C1-D63ED6D687D9}.Debug|x86.Build.0 = Debug|Any CPU
		{13E80374-B978-4BC2-B4C1-D63ED6D687D9}.Release|Any CPU.ActiveCfg = Release|Any CPU
		{13E80374-B978-4BC2-B4C1-D63ED6D687D9}.Release|Any CPU.Build.0 = Release|Any CPU
		{13E80374-B978-4BC2-B4C1-D63ED6D687D9}.Release|x64.ActiveCfg = Release|Any CPU
		{13E80374-B978-4BC2-B4C1-D63ED6D687D9}.Release|x64.Build.0 = Release|Any CPU
		{13E80374-B978-4BC2-B4C1-D63ED6D687D9}.Release|x86.ActiveCfg = Release|Any CPU
		{13E80374-B978-4BC2-B4C1-D63ED6D687D9}.Release|x86.Build.0 = Release|Any CPU
		{74A25491-F61D-4F4C-8D02-2F3295DD4230}.Debug|Any CPU.ActiveCfg = Debug|Any CPU
		{74A25491-F61D-4F4C-8D02-2F3295DD4230}.Debug|Any CPU.Build.0 = Debug|Any CPU
		{74A25491-F61D-4F4C-8D02-2F3295DD4230}.Debug|x64.ActiveCfg = Debug|Any CPU
		{74A25491-F61D-4F4C-8D02-2F3295DD4230}.Debug|x64.Build.0 = Debug|Any CPU
		{74A25491-F61D-4F4C-8D02-2F3295DD4230}.Debug|x86.ActiveCfg = Debug|Any CPU
		{74A25491-F61D-4F4C-8D02-2F3295DD4230}.Debug|x86.Build.0 = Debug|Any CPU
		{74A25491-F61D-4F4C-8D02-2F3295DD4230}.Release|Any CPU.ActiveCfg = Release|Any CPU
		{74A25491-F61D-4F4C-8D02-2F3295DD4230}.Release|Any CPU.Build.0 = Release|Any CPU
		{74A25491-F61D-4F4C-8D02-2F3295DD4230}.Release|x64.ActiveCfg = Release|Any CPU
		{74A25491-F61D-4F4C-8D02-2F3295DD4230}.Release|x64.Build.0 = Release|Any CPU
		{74A25491-F61D-4F4C-8D02-2F3295DD4230}.Release|x86.ActiveCfg = Release|Any CPU
		{74A25491-F61D-4F4C-8D02-2F3295DD4230}.Release|x86.Build.0 = Release|Any CPU
		{9921A4CD-1797-4447-AECE-1E0302956212}.Debug|Any CPU.ActiveCfg = Debug|Any CPU
		{9921A4CD-1797-4447-AECE-1E0302956212}.Debug|Any CPU.Build.0 = Debug|Any CPU
		{9921A4CD-1797-4447-AECE-1E0302956212}.Debug|x64.ActiveCfg = Debug|Any CPU
		{9921A4CD-1797-4447-AECE-1E0302956212}.Debug|x64.Build.0 = Debug|Any CPU
		{9921A4CD-1797-4447-AECE-1E0302956212}.Debug|x86.ActiveCfg = Debug|Any CPU
		{9921A4CD-1797-4447-AECE-1E0302956212}.Debug|x86.Build.0 = Debug|Any CPU
		{9921A4CD-1797-4447-AECE-1E0302956212}.Release|Any CPU.ActiveCfg = Release|Any CPU
		{9921A4CD-1797-4447-AECE-1E0302956212}.Release|Any CPU.Build.0 = Release|Any CPU
		{9921A4CD-1797-4447-AECE-1E0302956212}.Release|x64.ActiveCfg = Release|Any CPU
		{9921A4CD-1797-4447-AECE-1E0302956212}.Release|x64.Build.0 = Release|Any CPU
		{9921A4CD-1797-4447-AECE-1E0302956212}.Release|x86.ActiveCfg = Release|Any CPU
		{9921A4CD-1797-4447-AECE-1E0302956212}.Release|x86.Build.0 = Release|Any CPU
		{C09C4022-8332-4507-BFF9-0173755FF0D3}.Debug|Any CPU.ActiveCfg = Debug|Any CPU
		{C09C4022-8332-4507-BFF9-0173755FF0D3}.Debug|Any CPU.Build.0 = Debug|Any CPU
		{C09C4022-8332-4507-BFF9-0173755FF0D3}.Debug|x64.ActiveCfg = Debug|Any CPU
		{C09C4022-8332-4507-BFF9-0173755FF0D3}.Debug|x64.Build.0 = Debug|Any CPU
		{C09C4022-8332-4507-BFF9-0173755FF0D3}.Debug|x86.ActiveCfg = Debug|Any CPU
		{C09C4022-8332-4507-BFF9-0173755FF0D3}.Debug|x86.Build.0 = Debug|Any CPU
		{C09C4022-8332-4507-BFF9-0173755FF0D3}.Release|Any CPU.ActiveCfg = Release|Any CPU
		{C09C4022-8332-4507-BFF9-0173755FF0D3}.Release|Any CPU.Build.0 = Release|Any CPU
		{C09C4022-8332-4507-BFF9-0173755FF0D3}.Release|x64.ActiveCfg = Release|Any CPU
		{C09C4022-8332-4507-BFF9-0173755FF0D3}.Release|x64.Build.0 = Release|Any CPU
		{C09C4022-8332-4507-BFF9-0173755FF0D3}.Release|x86.ActiveCfg = Release|Any CPU
		{C09C4022-8332-4507-BFF9-0173755FF0D3}.Release|x86.Build.0 = Release|Any CPU
		{A0A33B54-1C50-4170-9839-677B3B38934E}.Debug|Any CPU.ActiveCfg = Debug|Any CPU
		{A0A33B54-1C50-4170-9839-677B3B38934E}.Debug|Any CPU.Build.0 = Debug|Any CPU
		{A0A33B54-1C50-4170-9839-677B3B38934E}.Debug|x64.ActiveCfg = Debug|Any CPU
		{A0A33B54-1C50-4170-9839-677B3B38934E}.Debug|x64.Build.0 = Debug|Any CPU
		{A0A33B54-1C50-4170-9839-677B3B38934E}.Debug|x86.ActiveCfg = Debug|Any CPU
		{A0A33B54-1C50-4170-9839-677B3B38934E}.Debug|x86.Build.0 = Debug|Any CPU
		{A0A33B54-1C50-4170-9839-677B3B38934E}.Release|Any CPU.ActiveCfg = Release|Any CPU
		{A0A33B54-1C50-4170-9839-677B3B38934E}.Release|Any CPU.Build.0 = Release|Any CPU
		{A0A33B54-1C50-4170-9839-677B3B38934E}.Release|x64.ActiveCfg = Release|Any CPU
		{A0A33B54-1C50-4170-9839-677B3B38934E}.Release|x64.Build.0 = Release|Any CPU
		{A0A33B54-1C50-4170-9839-677B3B38934E}.Release|x86.ActiveCfg = Release|Any CPU
		{A0A33B54-1C50-4170-9839-677B3B38934E}.Release|x86.Build.0 = Release|Any CPU
		{E8573101-3271-4276-9596-57A85073B45C}.Debug|Any CPU.ActiveCfg = Debug|Any CPU
		{E8573101-3271-4276-9596-57A85073B45C}.Debug|Any CPU.Build.0 = Debug|Any CPU
		{E8573101-3271-4276-9596-57A85073B45C}.Debug|x64.ActiveCfg = Debug|Any CPU
		{E8573101-3271-4276-9596-57A85073B45C}.Debug|x64.Build.0 = Debug|Any CPU
		{E8573101-3271-4276-9596-57A85073B45C}.Debug|x86.ActiveCfg = Debug|Any CPU
		{E8573101-3271-4276-9596-57A85073B45C}.Debug|x86.Build.0 = Debug|Any CPU
		{E8573101-3271-4276-9596-57A85073B45C}.Release|Any CPU.ActiveCfg = Release|Any CPU
		{E8573101-3271-4276-9596-57A85073B45C}.Release|Any CPU.Build.0 = Release|Any CPU
		{E8573101-3271-4276-9596-57A85073B45C}.Release|x64.ActiveCfg = Release|Any CPU
		{E8573101-3271-4276-9596-57A85073B45C}.Release|x64.Build.0 = Release|Any CPU
		{E8573101-3271-4276-9596-57A85073B45C}.Release|x86.ActiveCfg = Release|Any CPU
		{E8573101-3271-4276-9596-57A85073B45C}.Release|x86.Build.0 = Release|Any CPU
		{B4834CAD-36C3-417B-A364-13FE447618F2}.Debug|Any CPU.ActiveCfg = Debug|Any CPU
		{B4834CAD-36C3-417B-A364-13FE447618F2}.Debug|Any CPU.Build.0 = Debug|Any CPU
		{B4834CAD-36C3-417B-A364-13FE447618F2}.Debug|x64.ActiveCfg = Debug|Any CPU
		{B4834CAD-36C3-417B-A364-13FE447618F2}.Debug|x64.Build.0 = Debug|Any CPU
		{B4834CAD-36C3-417B-A364-13FE447618F2}.Debug|x86.ActiveCfg = Debug|Any CPU
		{B4834CAD-36C3-417B-A364-13FE447618F2}.Debug|x86.Build.0 = Debug|Any CPU
		{B4834CAD-36C3-417B-A364-13FE447618F2}.Release|Any CPU.ActiveCfg = Release|Any CPU
		{B4834CAD-36C3-417B-A364-13FE447618F2}.Release|Any CPU.Build.0 = Release|Any CPU
		{B4834CAD-36C3-417B-A364-13FE447618F2}.Release|x64.ActiveCfg = Release|Any CPU
		{B4834CAD-36C3-417B-A364-13FE447618F2}.Release|x64.Build.0 = Release|Any CPU
		{B4834CAD-36C3-417B-A364-13FE447618F2}.Release|x86.ActiveCfg = Release|Any CPU
		{B4834CAD-36C3-417B-A364-13FE447618F2}.Release|x86.Build.0 = Release|Any CPU
		{F8CB65A0-44F3-44D7-8FBD-BF0025804111}.Debug|Any CPU.ActiveCfg = Debug|Any CPU
		{F8CB65A0-44F3-44D7-8FBD-BF0025804111}.Debug|Any CPU.Build.0 = Debug|Any CPU
		{F8CB65A0-44F3-44D7-8FBD-BF0025804111}.Debug|x64.ActiveCfg = Debug|Any CPU
		{F8CB65A0-44F3-44D7-8FBD-BF0025804111}.Debug|x64.Build.0 = Debug|Any CPU
		{F8CB65A0-44F3-44D7-8FBD-BF0025804111}.Debug|x86.ActiveCfg = Debug|Any CPU
		{F8CB65A0-44F3-44D7-8FBD-BF0025804111}.Debug|x86.Build.0 = Debug|Any CPU
		{F8CB65A0-44F3-44D7-8FBD-BF0025804111}.Release|Any CPU.ActiveCfg = Release|Any CPU
		{F8CB65A0-44F3-44D7-8FBD-BF0025804111}.Release|Any CPU.Build.0 = Release|Any CPU
		{F8CB65A0-44F3-44D7-8FBD-BF0025804111}.Release|x64.ActiveCfg = Release|Any CPU
		{F8CB65A0-44F3-44D7-8FBD-BF0025804111}.Release|x64.Build.0 = Release|Any CPU
		{F8CB65A0-44F3-44D7-8FBD-BF0025804111}.Release|x86.ActiveCfg = Release|Any CPU
		{F8CB65A0-44F3-44D7-8FBD-BF0025804111}.Release|x86.Build.0 = Release|Any CPU
		{4E90C4CC-1F27-4337-B4B4-FB299B8155B6}.Debug|Any CPU.ActiveCfg = Debug|Any CPU
		{4E90C4CC-1F27-4337-B4B4-FB299B8155B6}.Debug|Any CPU.Build.0 = Debug|Any CPU
		{4E90C4CC-1F27-4337-B4B4-FB299B8155B6}.Debug|x64.ActiveCfg = Debug|Any CPU
		{4E90C4CC-1F27-4337-B4B4-FB299B8155B6}.Debug|x64.Build.0 = Debug|Any CPU
		{4E90C4CC-1F27-4337-B4B4-FB299B8155B6}.Debug|x86.ActiveCfg = Debug|Any CPU
		{4E90C4CC-1F27-4337-B4B4-FB299B8155B6}.Debug|x86.Build.0 = Debug|Any CPU
		{4E90C4CC-1F27-4337-B4B4-FB299B8155B6}.Release|Any CPU.ActiveCfg = Release|Any CPU
		{4E90C4CC-1F27-4337-B4B4-FB299B8155B6}.Release|Any CPU.Build.0 = Release|Any CPU
		{4E90C4CC-1F27-4337-B4B4-FB299B8155B6}.Release|x64.ActiveCfg = Release|Any CPU
		{4E90C4CC-1F27-4337-B4B4-FB299B8155B6}.Release|x64.Build.0 = Release|Any CPU
		{4E90C4CC-1F27-4337-B4B4-FB299B8155B6}.Release|x86.ActiveCfg = Release|Any CPU
		{4E90C4CC-1F27-4337-B4B4-FB299B8155B6}.Release|x86.Build.0 = Release|Any CPU
		{9E3B1F0E-B9E3-414C-A8D9-759483A25A21}.Debug|Any CPU.ActiveCfg = Debug|Any CPU
		{9E3B1F0E-B9E3-414C-A8D9-759483A25A21}.Debug|Any CPU.Build.0 = Debug|Any CPU
		{9E3B1F0E-B9E3-414C-A8D9-759483A25A21}.Debug|x64.ActiveCfg = Debug|Any CPU
		{9E3B1F0E-B9E3-414C-A8D9-759483A25A21}.Debug|x64.Build.0 = Debug|Any CPU
		{9E3B1F0E-B9E3-414C-A8D9-759483A25A21}.Debug|x86.ActiveCfg = Debug|Any CPU
		{9E3B1F0E-B9E3-414C-A8D9-759483A25A21}.Debug|x86.Build.0 = Debug|Any CPU
		{9E3B1F0E-B9E3-414C-A8D9-759483A25A21}.Release|Any CPU.ActiveCfg = Release|Any CPU
		{9E3B1F0E-B9E3-414C-A8D9-759483A25A21}.Release|Any CPU.Build.0 = Release|Any CPU
		{9E3B1F0E-B9E3-414C-A8D9-759483A25A21}.Release|x64.ActiveCfg = Release|Any CPU
		{9E3B1F0E-B9E3-414C-A8D9-759483A25A21}.Release|x64.Build.0 = Release|Any CPU
		{9E3B1F0E-B9E3-414C-A8D9-759483A25A21}.Release|x86.ActiveCfg = Release|Any CPU
		{9E3B1F0E-B9E3-414C-A8D9-759483A25A21}.Release|x86.Build.0 = Release|Any CPU
		{A885DFBC-7AE6-4F50-926D-A94BE4520B9E}.Debug|Any CPU.ActiveCfg = Debug|Any CPU
		{A885DFBC-7AE6-4F50-926D-A94BE4520B9E}.Debug|Any CPU.Build.0 = Debug|Any CPU
		{A885DFBC-7AE6-4F50-926D-A94BE4520B9E}.Debug|x64.ActiveCfg = Debug|Any CPU
		{A885DFBC-7AE6-4F50-926D-A94BE4520B9E}.Debug|x64.Build.0 = Debug|Any CPU
		{A885DFBC-7AE6-4F50-926D-A94BE4520B9E}.Debug|x86.ActiveCfg = Debug|Any CPU
		{A885DFBC-7AE6-4F50-926D-A94BE4520B9E}.Debug|x86.Build.0 = Debug|Any CPU
		{A885DFBC-7AE6-4F50-926D-A94BE4520B9E}.Release|Any CPU.ActiveCfg = Release|Any CPU
		{A885DFBC-7AE6-4F50-926D-A94BE4520B9E}.Release|Any CPU.Build.0 = Release|Any CPU
		{A885DFBC-7AE6-4F50-926D-A94BE4520B9E}.Release|x64.ActiveCfg = Release|Any CPU
		{A885DFBC-7AE6-4F50-926D-A94BE4520B9E}.Release|x64.Build.0 = Release|Any CPU
		{A885DFBC-7AE6-4F50-926D-A94BE4520B9E}.Release|x86.ActiveCfg = Release|Any CPU
		{A885DFBC-7AE6-4F50-926D-A94BE4520B9E}.Release|x86.Build.0 = Release|Any CPU
		{156B1BED-C5AB-4D63-8BB6-AC24EBC88E5A}.Debug|Any CPU.ActiveCfg = Debug|Any CPU
		{156B1BED-C5AB-4D63-8BB6-AC24EBC88E5A}.Debug|Any CPU.Build.0 = Debug|Any CPU
		{156B1BED-C5AB-4D63-8BB6-AC24EBC88E5A}.Debug|x64.ActiveCfg = Debug|Any CPU
		{156B1BED-C5AB-4D63-8BB6-AC24EBC88E5A}.Debug|x64.Build.0 = Debug|Any CPU
		{156B1BED-C5AB-4D63-8BB6-AC24EBC88E5A}.Debug|x86.ActiveCfg = Debug|Any CPU
		{156B1BED-C5AB-4D63-8BB6-AC24EBC88E5A}.Debug|x86.Build.0 = Debug|Any CPU
		{156B1BED-C5AB-4D63-8BB6-AC24EBC88E5A}.Release|Any CPU.ActiveCfg = Release|Any CPU
		{156B1BED-C5AB-4D63-8BB6-AC24EBC88E5A}.Release|Any CPU.Build.0 = Release|Any CPU
		{156B1BED-C5AB-4D63-8BB6-AC24EBC88E5A}.Release|x64.ActiveCfg = Release|Any CPU
		{156B1BED-C5AB-4D63-8BB6-AC24EBC88E5A}.Release|x64.Build.0 = Release|Any CPU
		{156B1BED-C5AB-4D63-8BB6-AC24EBC88E5A}.Release|x86.ActiveCfg = Release|Any CPU
		{156B1BED-C5AB-4D63-8BB6-AC24EBC88E5A}.Release|x86.Build.0 = Release|Any CPU
	EndGlobalSection
	GlobalSection(SolutionProperties) = preSolution
		HideSolutionNode = FALSE
	EndGlobalSection
	GlobalSection(NestedProjects) = preSolution
		{90298CBA-BD6F-3A0A-69D5-97CAD7B05E7E} = {827E0CD3-B72D-47B6-A68D-7590B98EB39B}
		{76905408-49C6-445D-ACF1-AF454DF247AB} = {90298CBA-BD6F-3A0A-69D5-97CAD7B05E7E}
		{1ABEEFEA-8222-4057-9439-CDCFA101AC8E} = {90298CBA-BD6F-3A0A-69D5-97CAD7B05E7E}
		{DEE06506-39F1-4D07-AF16-DE241CCEB13A} = {90298CBA-BD6F-3A0A-69D5-97CAD7B05E7E}
		{8EED2080-28B9-4807-B529-0F7F0010C5C9} = {90298CBA-BD6F-3A0A-69D5-97CAD7B05E7E}
		{4BD6B804-10DA-4A61-AB40-DDEE679FBB82} = {90298CBA-BD6F-3A0A-69D5-97CAD7B05E7E}
		{CBE535C5-B51A-60E9-4D99-AC1BFAA908A1} = {827E0CD3-B72D-47B6-A68D-7590B98EB39B}
		{6C3CD3AC-4857-4919-99C2-71BB8010154D} = {CBE535C5-B51A-60E9-4D99-AC1BFAA908A1}
		{A4B269F0-D9D3-4881-B3B7-A964F4F16CC0} = {CBE535C5-B51A-60E9-4D99-AC1BFAA908A1}
		{9ED325B9-E8A9-4FB4-BDB8-3DED458D8C47} = {CBE535C5-B51A-60E9-4D99-AC1BFAA908A1}
		{CC71D8F0-3707-45B4-B0DD-8EB09C9F47AE} = {CBE535C5-B51A-60E9-4D99-AC1BFAA908A1}
		{984BB9B3-3FA3-BE33-9484-CAC21695A33C} = {827E0CD3-B72D-47B6-A68D-7590B98EB39B}
		{92F42DAB-CD95-DEFE-A96E-37B7027D6435} = {984BB9B3-3FA3-BE33-9484-CAC21695A33C}
		{6BF25A84-1718-44A3-8B5C-830317BDA56C} = {92F42DAB-CD95-DEFE-A96E-37B7027D6435}
		{899E58A8-93B0-4C99-A56B-238E40AF1A27} = {92F42DAB-CD95-DEFE-A96E-37B7027D6435}
		{2EB0D340-EFD0-41EB-887F-2B18E57E157A} = {92F42DAB-CD95-DEFE-A96E-37B7027D6435}
		{A6A1231C-B49B-4A5C-B66E-7915C4EA0046} = {92F42DAB-CD95-DEFE-A96E-37B7027D6435}
		{B239FF69-E745-4B0E-AC19-4D2301FAEE39} = {92F42DAB-CD95-DEFE-A96E-37B7027D6435}
		{1BFC9479-12BF-35C3-06B8-42D89D95092B} = {984BB9B3-3FA3-BE33-9484-CAC21695A33C}
		{A5CD17CD-AC91-4BB5-82DD-8C8849BA44C7} = {1BFC9479-12BF-35C3-06B8-42D89D95092B}
		{00D9F208-CCED-47D6-B1F4-032079C06FAB} = {1BFC9479-12BF-35C3-06B8-42D89D95092B}
		{D56DEE09-FEE3-4A27-AC8C-A7C793B31DDB} = {1BFC9479-12BF-35C3-06B8-42D89D95092B}
		{BE5C5280-EF63-4E87-99F0-35D400A0D100} = {1BFC9479-12BF-35C3-06B8-42D89D95092B}
		{B6E90F43-97DB-4321-8058-5E2B9AF73D9A} = {1BFC9479-12BF-35C3-06B8-42D89D95092B}
		{04D20396-BA56-A5D3-B9B9-050F3E6718AC} = {984BB9B3-3FA3-BE33-9484-CAC21695A33C}
		{3909C8A6-5082-4CA4-A2FD-E29256A04BEA} = {04D20396-BA56-A5D3-B9B9-050F3E6718AC}
		{39069278-F735-47C8-B562-378C0C196866} = {04D20396-BA56-A5D3-B9B9-050F3E6718AC}
		{6545A85B-FDCC-4551-A472-8F013A8D4E20} = {04D20396-BA56-A5D3-B9B9-050F3E6718AC}
		{F23E1500-67B4-41C5-98C7-A12D34EB833A} = {04D20396-BA56-A5D3-B9B9-050F3E6718AC}
		{A365DF58-B074-4E1F-B7F4-FB8F2F986C2F} = {04D20396-BA56-A5D3-B9B9-050F3E6718AC}
		{AACA49E2-FCE7-9F61-EFF9-93289E322912} = {984BB9B3-3FA3-BE33-9484-CAC21695A33C}
		{AA6106C6-2280-4276-AB22-A853470016AD} = {AACA49E2-FCE7-9F61-EFF9-93289E322912}
		{34773FE1-3E27-43A9-B15F-9A754C9F8052} = {AACA49E2-FCE7-9F61-EFF9-93289E322912}
		{ECA52B23-2F2F-43A2-B29D-A75A984FFB79} = {AACA49E2-FCE7-9F61-EFF9-93289E322912}
		{D49220DD-8432-4D66-83E7-E28F15AAA8B9} = {AACA49E2-FCE7-9F61-EFF9-93289E322912}
		{B5AAA3E4-8003-42D6-BE9F-43E76B0B1C45} = {AACA49E2-FCE7-9F61-EFF9-93289E322912}
		{2530FD51-6382-94F5-3ADC-B32B5AC4F9A9} = {984BB9B3-3FA3-BE33-9484-CAC21695A33C}
		{54748647-673C-487F-B1BE-33309F7AAD7E} = {2530FD51-6382-94F5-3ADC-B32B5AC4F9A9}
		{74CD35ED-3100-4B88-8B0C-6E4115ACE721} = {2530FD51-6382-94F5-3ADC-B32B5AC4F9A9}
		{A78F526E-65AE-415A-BCB9-07048DFA2544} = {2530FD51-6382-94F5-3ADC-B32B5AC4F9A9}
		{50BB13FF-14DC-4399-B7AC-D874FB96EDF7} = {2530FD51-6382-94F5-3ADC-B32B5AC4F9A9}
		{2604AA80-ED06-41EA-AF28-C83C959D3534} = {2530FD51-6382-94F5-3ADC-B32B5AC4F9A9}
		{E98D1D99-4D9E-87BB-9D13-9A50D8AFD426} = {984BB9B3-3FA3-BE33-9484-CAC21695A33C}
		{D570B418-2526-4942-A41C-6AE0E01B0533} = {E98D1D99-4D9E-87BB-9D13-9A50D8AFD426}
		{32250E85-40B6-4A4D-8B9B-6F1EF4D31921} = {E98D1D99-4D9E-87BB-9D13-9A50D8AFD426}
		{44B41BEB-3621-4143-AD6F-5C0959E2B441} = {E98D1D99-4D9E-87BB-9D13-9A50D8AFD426}
		{3A0B35E2-541B-4D14-8C0C-0F1888D76DDD} = {E98D1D99-4D9E-87BB-9D13-9A50D8AFD426}
		{B6923E94-F66B-4BEE-9D0B-20B97CEEF0EA} = {E98D1D99-4D9E-87BB-9D13-9A50D8AFD426}
		{BE78567C-F69F-A61A-584A-C68A8939DB03} = {984BB9B3-3FA3-BE33-9484-CAC21695A33C}
		{7C1A8BE1-6DAB-49B9-9178-CCC51BC11FF3} = {BE78567C-F69F-A61A-584A-C68A8939DB03}
		{C9FD5208-5E9E-17DF-C715-6111312CE496} = {984BB9B3-3FA3-BE33-9484-CAC21695A33C}
		{28E1495A-0816-4F1F-BF7D-B89E3FB71154} = {C9FD5208-5E9E-17DF-C715-6111312CE496}
		{686C679D-2A29-46BF-84A1-92EC6C3255F7} = {C9FD5208-5E9E-17DF-C715-6111312CE496}
		{4C498318-731D-43C8-A846-AB816D06A832} = {C9FD5208-5E9E-17DF-C715-6111312CE496}
		{F45205E8-7376-426A-AA1B-15FEC69BC5B4} = {C9FD5208-5E9E-17DF-C715-6111312CE496}
		{E3145A2D-7791-498A-B94E-79FC2E24649D} = {C9FD5208-5E9E-17DF-C715-6111312CE496}
		{B892984D-15E1-68E9-7464-B9843CC98189} = {984BB9B3-3FA3-BE33-9484-CAC21695A33C}
		{13E80374-B978-4BC2-B4C1-D63ED6D687D9} = {B892984D-15E1-68E9-7464-B9843CC98189}
		{74A25491-F61D-4F4C-8D02-2F3295DD4230} = {B892984D-15E1-68E9-7464-B9843CC98189}
		{9921A4CD-1797-4447-AECE-1E0302956212} = {B892984D-15E1-68E9-7464-B9843CC98189}
		{C09C4022-8332-4507-BFF9-0173755FF0D3} = {B892984D-15E1-68E9-7464-B9843CC98189}
		{A0A33B54-1C50-4170-9839-677B3B38934E} = {B892984D-15E1-68E9-7464-B9843CC98189}
		{7B5E1210-C17A-C5C3-A3B6-115FD6E974F4} = {827E0CD3-B72D-47B6-A68D-7590B98EB39B}
		{E8573101-3271-4276-9596-57A85073B45C} = {7B5E1210-C17A-C5C3-A3B6-115FD6E974F4}
		{B4834CAD-36C3-417B-A364-13FE447618F2} = {7B5E1210-C17A-C5C3-A3B6-115FD6E974F4}
		{F8CB65A0-44F3-44D7-8FBD-BF0025804111} = {7B5E1210-C17A-C5C3-A3B6-115FD6E974F4}
		{4E90C4CC-1F27-4337-B4B4-FB299B8155B6} = {7B5E1210-C17A-C5C3-A3B6-115FD6E974F4}
		{9E3B1F0E-B9E3-414C-A8D9-759483A25A21} = {0AB3BF05-4346-4AA6-1389-037BE0695223}
		{A885DFBC-7AE6-4F50-926D-A94BE4520B9E} = {0AB3BF05-4346-4AA6-1389-037BE0695223}
		{156B1BED-C5AB-4D63-8BB6-AC24EBC88E5A} = {0AB3BF05-4346-4AA6-1389-037BE0695223}
	EndGlobalSection
EndGlobal
